<?xml version="1.0" encoding="utf-8"?>
<Project ToolsVersion="4.0" xmlns="http://schemas.microsoft.com/developer/msbuild/2003">
  <ItemGroup>
    <ClInclude Include="..\Public\Base.h">
      <Filter>01.Utility\99.SuperClass</Filter>
    </ClInclude>
    <ClInclude Include="..\Public\Engine_Defines.h">
      <Filter>99.Defines</Filter>
    </ClInclude>
    <ClInclude Include="..\Public\Engine_Enum.h">
      <Filter>99.Defines</Filter>
    </ClInclude>
    <ClInclude Include="..\Public\Engine_Function.h">
      <Filter>99.Defines</Filter>
    </ClInclude>
    <ClInclude Include="..\Public\Engine_Macro.h">
      <Filter>99.Defines</Filter>
    </ClInclude>
    <ClInclude Include="..\Public\Engine_Struct.h">
      <Filter>99.Defines</Filter>
    </ClInclude>
    <ClInclude Include="..\Public\Engine_Typedef.h">
      <Filter>99.Defines</Filter>
    </ClInclude>
    <ClInclude Include="..\Public\GameInstance.h">
      <Filter>01.Utility\00.GameInstance</Filter>
    </ClInclude>
    <ClInclude Include="..\Public\Timer_Manager.h">
      <Filter>00.System\01.Timer\Manager</Filter>
    </ClInclude>
    <ClInclude Include="..\Public\Timer.h">
      <Filter>00.System\01.Timer</Filter>
    </ClInclude>
    <ClInclude Include="..\Public\Component.h">
      <Filter>01.Utility\03.Components</Filter>
    </ClInclude>
    <ClInclude Include="..\Public\GameObject.h">
      <Filter>01.Utility\02.GameObjects</Filter>
    </ClInclude>
    <ClInclude Include="..\Public\Level.h">
      <Filter>01.Utility\01.Levels</Filter>
    </ClInclude>
    <ClInclude Include="..\Public\Renderer.h">
      <Filter>01.Utility\05.Renderer</Filter>
    </ClInclude>
    <ClInclude Include="..\Public\Object_Manager.h">
      <Filter>01.Utility\02.GameObjects\Manager</Filter>
    </ClInclude>
    <ClInclude Include="..\Public\Layer.h">
      <Filter>01.Utility\02.GameObjects\Manager\Layers</Filter>
    </ClInclude>
    <ClInclude Include="..\Public\Level_Manager.h">
      <Filter>01.Utility\01.Levels\Manager</Filter>
    </ClInclude>
    <ClInclude Include="..\Public\Graphic_Device.h">
      <Filter>00.System\00.Device\Graphic</Filter>
    </ClInclude>
    <ClInclude Include="..\Public\Prototype_Manager.h">
      <Filter>01.Utility\04.Prototypes\Manager</Filter>
    </ClInclude>
    <ClInclude Include="..\public\UIObject.h">
      <Filter>01.Utility\02.GameObjects\UIObject</Filter>
    </ClInclude>
    <ClInclude Include="..\public\Transform.h">
      <Filter>01.Utility\03.Components\Transform</Filter>
    </ClInclude>
    <ClInclude Include="..\public\Sound_Manager.h">
      <Filter>01.Utility\98.Sound</Filter>
    </ClInclude>
    <ClInclude Include="..\public\VIBuffer.h">
      <Filter>01.Utility\03.Components\VIBuffer</Filter>
    </ClInclude>
    <ClInclude Include="..\public\VIBuffer_Rect.h">
      <Filter>01.Utility\03.Components\VIBuffer\VIBuffer_Rect</Filter>
    </ClInclude>
    <ClInclude Include="..\public\Texture.h">
      <Filter>01.Utility\03.Components\Texture</Filter>
    </ClInclude>
    <ClInclude Include="..\public\Shader.h">
      <Filter>01.Utility\03.Components\Shader</Filter>
    </ClInclude>
    <ClInclude Include="..\public\Mouse_Manager.h">
      <Filter>01.Utility\06.Mouse_Manager</Filter>
    </ClInclude>
    <ClInclude Include="..\public\VIBuffer_Terrain.h">
      <Filter>01.Utility\03.Components\VIBuffer\VIBuffer_Terrain</Filter>
    </ClInclude>
    <ClInclude Include="..\public\PipeLine.h">
      <Filter>01.Utility\07.PipeLine</Filter>
    </ClInclude>
    <ClInclude Include="..\public\Camera.h">
      <Filter>01.Utility\02.GameObjects\Camera</Filter>
    </ClInclude>
    <ClInclude Include="..\public\Key_Manager.h">
      <Filter>01.Utility\08.Key_Manager</Filter>
    </ClInclude>
    <ClInclude Include="..\public\Button.h">
      <Filter>01.Utility\02.GameObjects\Button</Filter>
    </ClInclude>
    <ClInclude Include="..\..\EngineSDK\Inc\FMOD\fmod.h">
      <Filter>02.FMOD</Filter>
    </ClInclude>
    <ClInclude Include="..\..\EngineSDK\Inc\FMOD\fmod.hpp">
      <Filter>02.FMOD</Filter>
    </ClInclude>
    <ClInclude Include="..\..\EngineSDK\Inc\FMOD\fmod_codec.h">
      <Filter>02.FMOD</Filter>
    </ClInclude>
    <ClInclude Include="..\..\EngineSDK\Inc\FMOD\fmod_common.h">
      <Filter>02.FMOD</Filter>
    </ClInclude>
    <ClInclude Include="..\..\EngineSDK\Inc\FMOD\fmod_dsp.h">
      <Filter>02.FMOD</Filter>
    </ClInclude>
    <ClInclude Include="..\..\EngineSDK\Inc\FMOD\fmod_dsp_effects.h">
      <Filter>02.FMOD</Filter>
    </ClInclude>
    <ClInclude Include="..\..\EngineSDK\Inc\FMOD\fmod_errors.h">
      <Filter>02.FMOD</Filter>
    </ClInclude>
    <ClInclude Include="..\..\EngineSDK\Inc\FMOD\fmod_output.h">
      <Filter>02.FMOD</Filter>
    </ClInclude>
    <ClInclude Include="..\Public\Channel.h">
      <Filter>01.Utility\03.Components\Model\Animation\Channel</Filter>
    </ClInclude>
    <ClInclude Include="..\public\Animation.h">
      <Filter>01.Utility\03.Components\Model\Animation</Filter>
    </ClInclude>
    <ClInclude Include="..\public\Bone.h">
      <Filter>01.Utility\03.Components\Model\Bone</Filter>
    </ClInclude>
    <ClInclude Include="..\public\Mesh.h">
      <Filter>01.Utility\03.Components\Model\Mesh</Filter>
    </ClInclude>
    <ClInclude Include="..\public\Material.h">
      <Filter>01.Utility\03.Components\Model\Material</Filter>
    </ClInclude>
    <ClInclude Include="..\public\Model.h">
      <Filter>01.Utility\03.Components\Model</Filter>
    </ClInclude>
    <ClInclude Include="..\public\ContainerObject.h">
      <Filter>01.Utility\02.GameObjects\ContainerObject</Filter>
    </ClInclude>
    <ClInclude Include="..\public\PartObject.h">
      <Filter>01.Utility\02.GameObjects\PartObject</Filter>
    </ClInclude>
    <ClInclude Include="..\public\Navigation.h">
      <Filter>01.Utility\03.Components\Navigation</Filter>
    </ClInclude>
    <ClInclude Include="..\public\VIBuffer_Cell.h">
      <Filter>01.Utility\03.Components\VIBuffer\Cell</Filter>
    </ClInclude>
    <ClInclude Include="..\public\Cell.h">
      <Filter>01.Utility\03.Components\Navigation\Cell</Filter>
    </ClInclude>
    <ClInclude Include="..\public\VIBuffer_Cube.h">
      <Filter>01.Utility\03.Components\VIBuffer\Cube</Filter>
    </ClInclude>
    <ClInclude Include="..\public\Light.h">
      <Filter>01.Utility\09.Light</Filter>
    </ClInclude>
    <ClInclude Include="..\public\Light_Manager.h">
      <Filter>01.Utility\09.Light\Manager</Filter>
    </ClInclude>
    <ClInclude Include="..\public\Picking.h">
      <Filter>01.Utility\09.Picking</Filter>
    </ClInclude>
    <ClInclude Include="..\public\Font.h">
      <Filter>01.Utility\10.Font</Filter>
    </ClInclude>
    <ClInclude Include="..\public\Font_Manager.h">
      <Filter>01.Utility\10.Font\Manager</Filter>
    </ClInclude>
    <ClInclude Include="..\public\DebugDraw.h">
      <Filter>01.Utility\03.Components\Collider\DebugDraw</Filter>
    </ClInclude>
    <ClInclude Include="..\public\Bounding_AABB.h">
      <Filter>01.Utility\03.Components\Collider\Bounding\AABB</Filter>
    </ClInclude>
    <ClInclude Include="..\public\Collider.h">
      <Filter>01.Utility\03.Components\Collider</Filter>
    </ClInclude>
    <ClInclude Include="..\public\Bounding_Sphere.h">
      <Filter>01.Utility\03.Components\Collider\Bounding\Sphere</Filter>
    </ClInclude>
    <ClInclude Include="..\public\Bounding_OBB.h">
      <Filter>01.Utility\03.Components\Collider\Bounding\OBB</Filter>
    </ClInclude>
    <ClInclude Include="..\public\Bounding.h">
      <Filter>01.Utility\03.Components\Collider\Bounding</Filter>
    </ClInclude>
  </ItemGroup>
  <ItemGroup>
    <ClCompile Include="..\Private\Base.cpp">
      <Filter>01.Utility\99.SuperClass</Filter>
    </ClCompile>
    <ClCompile Include="..\Private\GameInstance.cpp">
      <Filter>01.Utility\00.GameInstance</Filter>
    </ClCompile>
    <ClCompile Include="..\Private\Timer_Manager.cpp">
      <Filter>00.System\01.Timer\Manager</Filter>
    </ClCompile>
    <ClCompile Include="..\Private\Timer.cpp">
      <Filter>00.System\01.Timer</Filter>
    </ClCompile>
    <ClCompile Include="..\Private\Component.cpp">
      <Filter>01.Utility\03.Components</Filter>
    </ClCompile>
    <ClCompile Include="..\Private\GameObject.cpp">
      <Filter>01.Utility\02.GameObjects</Filter>
    </ClCompile>
    <ClCompile Include="..\Private\Level.cpp">
      <Filter>01.Utility\01.Levels</Filter>
    </ClCompile>
    <ClCompile Include="..\Private\Renderer.cpp">
      <Filter>01.Utility\05.Renderer</Filter>
    </ClCompile>
    <ClCompile Include="..\Private\Object_Manager.cpp">
      <Filter>01.Utility\02.GameObjects\Manager</Filter>
    </ClCompile>
    <ClCompile Include="..\Private\Layer.cpp">
      <Filter>01.Utility\02.GameObjects\Manager\Layers</Filter>
    </ClCompile>
    <ClCompile Include="..\Private\Level_Manager.cpp">
      <Filter>01.Utility\01.Levels\Manager</Filter>
    </ClCompile>
    <ClCompile Include="..\Private\Graphic_Device.cpp">
      <Filter>00.System\00.Device\Graphic</Filter>
    </ClCompile>
    <ClCompile Include="..\Private\Prototype_Manager.cpp">
      <Filter>01.Utility\04.Prototypes\Manager</Filter>
    </ClCompile>
    <ClCompile Include="..\private\UIObject.cpp">
      <Filter>01.Utility\02.GameObjects\UIObject</Filter>
    </ClCompile>
    <ClCompile Include="..\private\Transform.cpp">
      <Filter>01.Utility\03.Components\Transform</Filter>
    </ClCompile>
    <ClCompile Include="..\private\Sound_Manager.cpp">
      <Filter>01.Utility\98.Sound</Filter>
    </ClCompile>
    <ClCompile Include="..\private\VIBuffer.cpp">
      <Filter>01.Utility\03.Components\VIBuffer</Filter>
    </ClCompile>
    <ClCompile Include="..\private\VIBuffer_Rect.cpp">
      <Filter>01.Utility\03.Components\VIBuffer\VIBuffer_Rect</Filter>
    </ClCompile>
    <ClCompile Include="..\private\Texture.cpp">
      <Filter>01.Utility\03.Components\Texture</Filter>
    </ClCompile>
    <ClCompile Include="..\private\Shader.cpp">
      <Filter>01.Utility\03.Components\Shader</Filter>
    </ClCompile>
    <ClCompile Include="..\private\Mouse_Manager.cpp">
      <Filter>01.Utility\06.Mouse_Manager</Filter>
    </ClCompile>
    <ClCompile Include="..\private\VIBuffer_Terrain.cpp">
      <Filter>01.Utility\03.Components\VIBuffer\VIBuffer_Terrain</Filter>
    </ClCompile>
    <ClCompile Include="..\private\PipeLine.cpp">
      <Filter>01.Utility\07.PipeLine</Filter>
    </ClCompile>
    <ClCompile Include="..\private\Camera.cpp">
      <Filter>01.Utility\02.GameObjects\Camera</Filter>
    </ClCompile>
    <ClCompile Include="..\private\Key_Manager.cpp">
      <Filter>01.Utility\08.Key_Manager</Filter>
    </ClCompile>
    <ClCompile Include="..\private\Button.cpp">
      <Filter>01.Utility\02.GameObjects\Button</Filter>
    </ClCompile>
    <ClCompile Include="..\Private\Channel.cpp">
      <Filter>01.Utility\03.Components\Model\Animation\Channel</Filter>
    </ClCompile>
    <ClCompile Include="..\private\Animation.cpp">
      <Filter>01.Utility\03.Components\Model\Animation</Filter>
    </ClCompile>
    <ClCompile Include="..\private\Bone.cpp">
      <Filter>01.Utility\03.Components\Model\Bone</Filter>
    </ClCompile>
    <ClCompile Include="..\private\Mesh.cpp">
      <Filter>01.Utility\03.Components\Model\Mesh</Filter>
    </ClCompile>
    <ClCompile Include="..\private\Material.cpp">
      <Filter>01.Utility\03.Components\Model\Material</Filter>
    </ClCompile>
    <ClCompile Include="..\private\Model.cpp">
      <Filter>01.Utility\03.Components\Model</Filter>
    </ClCompile>
    <ClCompile Include="..\private\ContainerObject.cpp">
      <Filter>01.Utility\02.GameObjects\ContainerObject</Filter>
    </ClCompile>
    <ClCompile Include="..\Public\PartObject.cpp">
      <Filter>01.Utility\02.GameObjects\PartObject</Filter>
    </ClCompile>
    <ClCompile Include="..\Private\Navigation.cpp">
      <Filter>01.Utility\03.Components\Navigation</Filter>
    </ClCompile>
    <ClCompile Include="..\private\VIBuffer_Cell.cpp">
      <Filter>01.Utility\03.Components\VIBuffer\Cell</Filter>
    </ClCompile>
    <ClCompile Include="..\private\Cell.cpp">
      <Filter>01.Utility\03.Components\Navigation\Cell</Filter>
    </ClCompile>
    <ClCompile Include="..\private\VIBuffer_Cube.cpp">
      <Filter>01.Utility\03.Components\VIBuffer\Cube</Filter>
    </ClCompile>
    <ClCompile Include="..\private\Light.cpp">
      <Filter>01.Utility\09.Light</Filter>
    </ClCompile>
    <ClCompile Include="..\private\Light_Manager.cpp">
      <Filter>01.Utility\09.Light\Manager</Filter>
    </ClCompile>
    <ClCompile Include="..\private\Picking.cpp">
      <Filter>01.Utility\09.Picking</Filter>
    </ClCompile>
    <ClCompile Include="..\private\Font.cpp">
      <Filter>01.Utility\10.Font</Filter>
    </ClCompile>
    <ClCompile Include="..\private\Font_Manager.cpp">
      <Filter>01.Utility\10.Font\Manager</Filter>
    </ClCompile>
    <ClCompile Include="..\private\DebugDraw.cpp">
      <Filter>01.Utility\03.Components\Collider\DebugDraw</Filter>
    </ClCompile>
    <ClCompile Include="..\private\Bounding_AABB.cpp">
      <Filter>01.Utility\03.Components\Collider\Bounding\AABB</Filter>
    </ClCompile>
    <ClCompile Include="..\private\Collider.cpp">
      <Filter>01.Utility\03.Components\Collider</Filter>
    </ClCompile>
    <ClCompile Include="..\private\Bounding_Sphere.cpp">
      <Filter>01.Utility\03.Components\Collider\Bounding\Sphere</Filter>
    </ClCompile>
    <ClCompile Include="..\private\Bounding_OBB.cpp">
      <Filter>01.Utility\03.Components\Collider\Bounding\OBB</Filter>
    </ClCompile>
    <ClCompile Include="..\private\Bounding.cpp">
      <Filter>01.Utility\03.Components\Collider\Bounding</Filter>
    </ClCompile>
  </ItemGroup>
  <ItemGroup>
    <Filter Include="00.System">
      <UniqueIdentifier>{7496302b-bbf3-4d17-b06c-776ada306fe7}</UniqueIdentifier>
    </Filter>
    <Filter Include="01.Utility">
      <UniqueIdentifier>{b96ac28b-812c-4488-9b7a-915ac186c966}</UniqueIdentifier>
    </Filter>
    <Filter Include="99.Defines">
      <UniqueIdentifier>{bc262dbf-82ca-4973-af0b-a5955fe21f48}</UniqueIdentifier>
    </Filter>
    <Filter Include="01.Utility\00.GameInstance">
      <UniqueIdentifier>{319120ff-a7f0-4a97-a897-38bfd4a9e3ce}</UniqueIdentifier>
    </Filter>
    <Filter Include="01.Utility\99.SuperClass">
      <UniqueIdentifier>{f4be3592-8a1b-4f99-a50d-6e46242fccba}</UniqueIdentifier>
    </Filter>
    <Filter Include="00.System\00.Device">
      <UniqueIdentifier>{beb170b4-0ce9-4a0a-9ebc-3d39cbef8248}</UniqueIdentifier>
    </Filter>
    <Filter Include="00.System\01.Timer">
      <UniqueIdentifier>{b9f9c58f-53bd-4729-a636-484b43e2e23d}</UniqueIdentifier>
    </Filter>
    <Filter Include="00.System\01.Timer\Manager">
      <UniqueIdentifier>{735eba6b-ad64-41e3-a769-a260db5c646c}</UniqueIdentifier>
    </Filter>
    <Filter Include="00.System\00.Device\Graphic">
      <UniqueIdentifier>{c39856ee-26b4-4735-9fa7-c1c2a4f029a9}</UniqueIdentifier>
    </Filter>
    <Filter Include="00.System\00.Device\Input">
      <UniqueIdentifier>{6b8c9942-c122-4b9c-ac40-c6875f6a64a3}</UniqueIdentifier>
    </Filter>
    <Filter Include="01.Utility\01.Levels">
      <UniqueIdentifier>{69534a59-b5fe-42e4-98d2-d352d2d2a90b}</UniqueIdentifier>
    </Filter>
    <Filter Include="01.Utility\02.GameObjects">
      <UniqueIdentifier>{62d7d084-9acc-44d9-b9c2-856102250ce2}</UniqueIdentifier>
    </Filter>
    <Filter Include="01.Utility\03.Components">
      <UniqueIdentifier>{9232881a-7808-4c76-94cc-6226f3e6970c}</UniqueIdentifier>
    </Filter>
    <Filter Include="01.Utility\04.Prototypes">
      <UniqueIdentifier>{b87607bc-05e0-4a6a-bc2c-66a8cc763c68}</UniqueIdentifier>
    </Filter>
    <Filter Include="01.Utility\05.Renderer">
      <UniqueIdentifier>{acdbe400-3fb6-4608-a5a8-38b6df045f3a}</UniqueIdentifier>
    </Filter>
    <Filter Include="01.Utility\04.Prototypes\Manager">
      <UniqueIdentifier>{184fc138-0a87-4b86-9475-c02b96445bdf}</UniqueIdentifier>
    </Filter>
    <Filter Include="01.Utility\02.GameObjects\Manager">
      <UniqueIdentifier>{efc82929-890d-4b38-9012-b28e7cfd31b9}</UniqueIdentifier>
    </Filter>
    <Filter Include="01.Utility\02.GameObjects\Manager\Layers">
      <UniqueIdentifier>{71f86de6-d79b-4a5b-bd36-741a477b174d}</UniqueIdentifier>
    </Filter>
    <Filter Include="01.Utility\01.Levels\Manager">
      <UniqueIdentifier>{5551b45b-b6f2-4aae-b287-d99e83f12793}</UniqueIdentifier>
    </Filter>
    <Filter Include="01.Utility\02.GameObjects\UIObject">
      <UniqueIdentifier>{77165d06-9681-4c01-9180-b66613a274f5}</UniqueIdentifier>
    </Filter>
    <Filter Include="01.Utility\03.Components\Transform">
      <UniqueIdentifier>{92111f0d-0cbf-4bd4-909a-8d8b1a6e74b0}</UniqueIdentifier>
    </Filter>
    <Filter Include="02.FMOD">
      <UniqueIdentifier>{22ddcddb-51b1-4fc9-b9e1-cc341c75aad7}</UniqueIdentifier>
    </Filter>
    <Filter Include="01.Utility\03.Components\VIBuffer">
      <UniqueIdentifier>{936321a2-8dd5-461b-ab80-005f6c67d893}</UniqueIdentifier>
    </Filter>
    <Filter Include="01.Utility\03.Components\VIBuffer\VIBuffer_Rect">
      <UniqueIdentifier>{41a2fd93-24a1-47ac-b25c-7d97a31f44c5}</UniqueIdentifier>
    </Filter>
    <Filter Include="01.Utility\03.Components\Texture">
      <UniqueIdentifier>{f33ac792-84e6-47e9-b5ba-9c6611cc6de4}</UniqueIdentifier>
    </Filter>
    <Filter Include="01.Utility\03.Components\Shader">
      <UniqueIdentifier>{fc23c492-d1a1-4fde-ae97-fe3edd17c3ca}</UniqueIdentifier>
    </Filter>
    <Filter Include="01.Utility\06.Mouse_Manager">
      <UniqueIdentifier>{35659401-33f3-494e-93b2-3f81144d7623}</UniqueIdentifier>
    </Filter>
    <Filter Include="01.Utility\03.Components\VIBuffer\VIBuffer_Terrain">
      <UniqueIdentifier>{31440dcc-e07f-44d6-a129-d8f7ac5e62a9}</UniqueIdentifier>
    </Filter>
    <Filter Include="01.Utility\02.GameObjects\Camera">
      <UniqueIdentifier>{3104c012-9124-4731-9d5c-1a6824d6b082}</UniqueIdentifier>
    </Filter>
    <Filter Include="01.Utility\07.PipeLine">
      <UniqueIdentifier>{42ddc06f-98fc-4b03-ae22-bfb0e0b0d3b7}</UniqueIdentifier>
    </Filter>
    <Filter Include="01.Utility\08.Key_Manager">
      <UniqueIdentifier>{8e24b3fd-d24e-4b50-96a8-744e8ec26fd3}</UniqueIdentifier>
    </Filter>
    <Filter Include="01.Utility\98.Sound">
      <UniqueIdentifier>{13401173-173c-4f95-90f2-b6286a45e76d}</UniqueIdentifier>
    </Filter>
    <Filter Include="01.Utility\02.GameObjects\Button">
      <UniqueIdentifier>{f57ac093-3455-41a2-9d55-d48f31013326}</UniqueIdentifier>
    </Filter>
    <Filter Include="01.Utility\03.Components\Model">
      <UniqueIdentifier>{e58a8334-6c2e-4d2b-8d5b-5d579294f644}</UniqueIdentifier>
    </Filter>
    <Filter Include="01.Utility\03.Components\Model\Animation">
      <UniqueIdentifier>{b1e52b69-d694-4876-abc4-b6b3e96ed3c0}</UniqueIdentifier>
    </Filter>
    <Filter Include="01.Utility\03.Components\Model\Animation\Channel">
      <UniqueIdentifier>{18f26f74-c5e5-414e-9f82-5aa5351f6cd8}</UniqueIdentifier>
    </Filter>
    <Filter Include="01.Utility\03.Components\Model\Bone">
      <UniqueIdentifier>{b6f66a2b-d7e8-4474-87cc-dcec41fb4056}</UniqueIdentifier>
    </Filter>
    <Filter Include="01.Utility\03.Components\Model\Material">
      <UniqueIdentifier>{40f16844-9b8e-4cde-b362-344da5486ab7}</UniqueIdentifier>
    </Filter>
    <Filter Include="01.Utility\03.Components\Model\Mesh">
      <UniqueIdentifier>{b2d58bd2-481e-443c-a9ab-3bec6f2d78af}</UniqueIdentifier>
    </Filter>
    <Filter Include="01.Utility\02.GameObjects\ContainerObject">
      <UniqueIdentifier>{b9f90002-dd78-4721-9974-ecd8f7ea6364}</UniqueIdentifier>
    </Filter>
    <Filter Include="01.Utility\02.GameObjects\PartObject">
      <UniqueIdentifier>{edf03908-1fc5-477c-bc27-a85de8eb1831}</UniqueIdentifier>
    </Filter>
    <Filter Include="01.Utility\03.Components\Navigation">
      <UniqueIdentifier>{5c457372-8321-49e6-a68e-ec5d502fae7e}</UniqueIdentifier>
    </Filter>
    <Filter Include="01.Utility\03.Components\Navigation\Cell">
      <UniqueIdentifier>{467528b5-d9a3-40db-8ccb-f07891ae1db6}</UniqueIdentifier>
    </Filter>
    <Filter Include="01.Utility\03.Components\VIBuffer\Cube">
      <UniqueIdentifier>{e3d8d529-7a8b-43c8-8fdb-b96ccd2bba76}</UniqueIdentifier>
    </Filter>
    <Filter Include="01.Utility\03.Components\VIBuffer\Cell">
      <UniqueIdentifier>{46f91a5d-8aa7-4e37-8390-566767aa523d}</UniqueIdentifier>
    </Filter>
    <Filter Include="01.Utility\09.Light">
      <UniqueIdentifier>{6f20e49d-4ea0-45ec-8427-7da3244e90b1}</UniqueIdentifier>
    </Filter>
    <Filter Include="01.Utility\09.Light\Manager">
      <UniqueIdentifier>{25c1ef4c-4e9c-4e4d-9c83-fd5f89852b00}</UniqueIdentifier>
    </Filter>
    <Filter Include="01.Utility\09.Picking">
      <UniqueIdentifier>{c7602235-90f4-4cb5-8d71-9a09b8799c00}</UniqueIdentifier>
    </Filter>
    <Filter Include="98.ShaderFiles">
      <UniqueIdentifier>{746fcb63-5413-474d-b59a-62af8b033721}</UniqueIdentifier>
    </Filter>
    <Filter Include="01.Utility\10.Font">
      <UniqueIdentifier>{9d042196-e934-479e-892b-74444601a7ab}</UniqueIdentifier>
    </Filter>
    <Filter Include="01.Utility\10.Font\Manager">
      <UniqueIdentifier>{afa789d2-fd82-4fe5-aab4-abd439594d06}</UniqueIdentifier>
    </Filter>
    <Filter Include="01.Utility\03.Components\Collider">
      <UniqueIdentifier>{05cdec29-4bf6-4290-823e-cd130eb67957}</UniqueIdentifier>
    </Filter>
    <Filter Include="01.Utility\03.Components\Collider\Bounding">
      <UniqueIdentifier>{6ac9a57f-ef83-4ae2-b25b-82a10c595378}</UniqueIdentifier>
    </Filter>
    <Filter Include="01.Utility\03.Components\Collider\Bounding\AABB">
      <UniqueIdentifier>{3fb85f2c-c809-4c4e-b0c7-b2cb521f9d7b}</UniqueIdentifier>
    </Filter>
    <Filter Include="01.Utility\03.Components\Collider\Bounding\OBB">
      <UniqueIdentifier>{ce0e8f90-d263-4a7a-b675-ebdf04744008}</UniqueIdentifier>
    </Filter>
    <Filter Include="01.Utility\03.Components\Collider\Bounding\Sphere">
      <UniqueIdentifier>{a0451ead-a6d9-4aaa-9c99-eff179a95eff}</UniqueIdentifier>
    </Filter>
    <Filter Include="01.Utility\03.Components\Collider\DebugDraw">
      <UniqueIdentifier>{306623ef-face-4779-8ba9-57da5e8e9cd4}</UniqueIdentifier>
    </Filter>
  </ItemGroup>
  <ItemGroup>
    <None Include="..\..\EngineSDK\Inc\FMOD\fmod.cs">
      <Filter>02.FMOD</Filter>
    </None>
    <None Include="..\..\EngineSDK\Inc\FMOD\fmod_dsp.cs">
      <Filter>02.FMOD</Filter>
    </None>
    <None Include="..\..\EngineSDK\Inc\FMOD\fmod_errors.cs">
      <Filter>02.FMOD</Filter>
    </None>
    <None Include="..\Bin\ShaderFiles\Engine_Shader_Defines.hlsli">
      <Filter>98.ShaderFiles</Filter>
    </None>
  </ItemGroup>
  <ItemGroup>
    <FxCompile Include="..\Bin\ShaderFiles\Shader_Cell.hlsl">
      <Filter>98.ShaderFiles</Filter>
    </FxCompile>
  </ItemGroup>
</Project>