<?xml version="1.0" encoding="utf-8"?>
<Project ToolsVersion="4.0" xmlns="http://schemas.microsoft.com/developer/msbuild/2003">
  <ItemGroup>
    <Filter Include="99.Defines">
      <UniqueIdentifier>{c97b62e1-26b8-437d-b3de-0d9d5445f414}</UniqueIdentifier>
    </Filter>
    <Filter Include="98.Default">
      <UniqueIdentifier>{728a900b-3685-4452-a6ae-b82a17c7e63f}</UniqueIdentifier>
    </Filter>
    <Filter Include="00.MainApp">
      <UniqueIdentifier>{bdd4a935-b20f-47a5-bf83-4e2952e2c6f1}</UniqueIdentifier>
    </Filter>
    <Filter Include="01.Levels">
      <UniqueIdentifier>{cb4350f1-3e29-4ead-b993-68bc255c8704}</UniqueIdentifier>
    </Filter>
    <Filter Include="01.Levels\Loading">
      <UniqueIdentifier>{cad4621e-281a-4009-9890-0044e3fce66c}</UniqueIdentifier>
    </Filter>
    <Filter Include="01.Levels\Loading\Loader">
      <UniqueIdentifier>{1c661d94-d467-4c27-a3f8-4da71a1c898a}</UniqueIdentifier>
    </Filter>
    <Filter Include="01.Levels\Logo">
      <UniqueIdentifier>{b684fa80-8a44-48d3-8763-79acbba3a849}</UniqueIdentifier>
    </Filter>
    <Filter Include="01.Levels\GamePlay">
      <UniqueIdentifier>{490444ba-eab1-44cf-9259-6b16f02e8e25}</UniqueIdentifier>
    </Filter>
    <Filter Include="02.GameObjects">
      <UniqueIdentifier>{6822825a-d704-42c1-aab4-274a2e135da0}</UniqueIdentifier>
    </Filter>
    <Filter Include="02.GameObjects\BackGround">
      <UniqueIdentifier>{045c1a1c-a8ed-4e5b-bc33-e5328ed48bf1}</UniqueIdentifier>
    </Filter>
    <Filter Include="03.UI">
      <UniqueIdentifier>{065efe51-bd22-448b-874b-95bd8ab4a602}</UniqueIdentifier>
    </Filter>
    <Filter Include="03.UI\Inventory">
      <UniqueIdentifier>{df64bb19-1ffe-4508-ae76-c784c79e02c6}</UniqueIdentifier>
    </Filter>
    <Filter Include="03.UI\DigiDex">
      <UniqueIdentifier>{7a9a9694-98af-4b95-8dc2-e7c821d01f99}</UniqueIdentifier>
    </Filter>
    <Filter Include="97.ShaderFiles">
      <UniqueIdentifier>{7206fb55-4b0c-4a04-9298-0d3b877a131c}</UniqueIdentifier>
    </Filter>
    <Filter Include="03.UI\Storage">
      <UniqueIdentifier>{c6efcb2c-611d-4d96-badf-b73b5ca67b63}</UniqueIdentifier>
    </Filter>
    <Filter Include="03.UI\Digivice">
      <UniqueIdentifier>{fc614611-2300-4d33-9b45-229c6dd5a3ca}</UniqueIdentifier>
    </Filter>
    <Filter Include="03.UI\Equipment">
      <UniqueIdentifier>{56db962c-f656-4ed3-b3a4-f47f2a3b04e1}</UniqueIdentifier>
    </Filter>
    <Filter Include="03.UI\Digimon_Storage">
      <UniqueIdentifier>{33813018-7503-4408-a905-38b3f34781f1}</UniqueIdentifier>
    </Filter>
    <Filter Include="03.UI\Slot">
      <UniqueIdentifier>{97a84a0e-a44c-4bf5-a642-4f35e246163b}</UniqueIdentifier>
    </Filter>
    <Filter Include="03.UI\Item">
      <UniqueIdentifier>{c243ede8-6f50-41f9-8f5b-c1129b993563}</UniqueIdentifier>
    </Filter>
    <Filter Include="02.GameObjects\Terrain">
      <UniqueIdentifier>{45c04ebe-174d-49f1-aad2-e285bc5c24a8}</UniqueIdentifier>
    </Filter>
    <Filter Include="02.GameObjects\Camera">
      <UniqueIdentifier>{6dd4334d-b226-4888-b7ab-75bb7a5645cc}</UniqueIdentifier>
    </Filter>
    <Filter Include="02.GameObjects\Camera\Camera_Free">
      <UniqueIdentifier>{0b7a2668-162a-4314-962a-ce5d5e770d19}</UniqueIdentifier>
    </Filter>
    <Filter Include="03.UI\PartyHUD">
      <UniqueIdentifier>{f393a3d0-f8d3-48bc-9024-368e06523d73}</UniqueIdentifier>
    </Filter>
    <Filter Include="05.DigimonInfo">
      <UniqueIdentifier>{2d80d47d-d079-45b3-99d3-6392f413ee0f}</UniqueIdentifier>
    </Filter>
    <Filter Include="03.UI\Inventory\Button">
      <UniqueIdentifier>{04c1327b-5966-4506-a009-e515cb77c291}</UniqueIdentifier>
    </Filter>
    <Filter Include="03.UI\Inventory\Button\ItemType_Button">
      <UniqueIdentifier>{63d8d6e8-25fb-4d71-9190-0e3e00a11237}</UniqueIdentifier>
    </Filter>
    <Filter Include="03.UI\Inventory\Button\Exit_Button">
      <UniqueIdentifier>{5bbb7fd5-071a-4acd-9eb1-1ba8f8344bcc}</UniqueIdentifier>
    </Filter>
    <Filter Include="03.UI\Slot\Inventory_Slot">
      <UniqueIdentifier>{1268257d-646d-4ed7-adac-8fc9916efb0a}</UniqueIdentifier>
    </Filter>
    <Filter Include="03.UI\Slot\Digivice_Slot">
      <UniqueIdentifier>{ee28cb80-802e-4cac-ac37-b3bf6c3c6a2b}</UniqueIdentifier>
    </Filter>
    <Filter Include="03.UI\Slot\UHD_Slot">
      <UniqueIdentifier>{4d151d9b-850c-4082-a650-99d0f3832411}</UniqueIdentifier>
    </Filter>
    <Filter Include="02.GameObjects\Digimon">
      <UniqueIdentifier>{170dc205-fbc9-4611-a4d6-9d3d0a2c199c}</UniqueIdentifier>
    </Filter>
    <Filter Include="03.UI\Slot\DIgiDex_Slot">
      <UniqueIdentifier>{6bb22912-3e89-4ddf-bbfe-be998047d0bf}</UniqueIdentifier>
    </Filter>
    <Filter Include="03.UI\Slot\Digivice_Slot\Mask">
      <UniqueIdentifier>{249eef68-99dd-4582-9e82-a8622007df1e}</UniqueIdentifier>
    </Filter>
    <Filter Include="02.GameObjects\Monster">
      <UniqueIdentifier>{75469210-586e-4a90-a02a-6b87bba29dc5}</UniqueIdentifier>
    </Filter>
    <Filter Include="02.GameObjects\Camera\Manager">
      <UniqueIdentifier>{62bcb2a0-fadb-4d9c-97ec-b1b9a431fcce}</UniqueIdentifier>
    </Filter>
    <Filter Include="02.GameObjects\Player">
      <UniqueIdentifier>{921734f8-f2bf-4f2f-bc7a-94280a2671cb}</UniqueIdentifier>
    </Filter>
    <Filter Include="02.GameObjects\Sky">
      <UniqueIdentifier>{af8ca886-5e24-4106-ac87-5cf2064ebe20}</UniqueIdentifier>
    </Filter>
    <Filter Include="02.GameObjects\Tennis">
      <UniqueIdentifier>{743f5837-1c29-4534-b48e-280ed011a55b}</UniqueIdentifier>
    </Filter>
    <Filter Include="02.GameObjects\Bilding">
      <UniqueIdentifier>{baf9da26-6792-4ef5-987c-a6b8ba183209}</UniqueIdentifier>
    </Filter>
    <Filter Include="02.GameObjects\Bilding\BldA">
      <UniqueIdentifier>{694a6a35-9ae4-4fe9-8990-437a17855695}</UniqueIdentifier>
    </Filter>
    <Filter Include="02.GameObjects\Bilding\BldB">
      <UniqueIdentifier>{ef451530-fa6c-4e4e-a8c0-0abc1218a0e5}</UniqueIdentifier>
    </Filter>
    <Filter Include="02.GameObjects\Bilding\BldC">
      <UniqueIdentifier>{7707c7c0-c067-4e2e-bd1f-10f7bb9afe2e}</UniqueIdentifier>
    </Filter>
    <Filter Include="02.GameObjects\Bilding\BldD">
      <UniqueIdentifier>{8136e897-b0c3-4ddd-81ea-3239418e823e}</UniqueIdentifier>
    </Filter>
    <Filter Include="02.GameObjects\Bilding\BldE">
      <UniqueIdentifier>{22d8d5ac-8a1f-4e18-ab26-a3d2532cf9f1}</UniqueIdentifier>
    </Filter>
    <Filter Include="02.GameObjects\Bilding\BldH">
      <UniqueIdentifier>{4ad7d789-b0e5-4532-8e5f-d51158e2af1c}</UniqueIdentifier>
    </Filter>
    <Filter Include="02.GameObjects\Bilding\BldJ">
      <UniqueIdentifier>{c680a680-754f-4c82-bc65-3775504cd3ba}</UniqueIdentifier>
    </Filter>
    <Filter Include="02.GameObjects\Bilding\BldK">
      <UniqueIdentifier>{a3a3c330-1ac0-4372-bbe6-6ee25ae03f29}</UniqueIdentifier>
    </Filter>
    <Filter Include="04.FSM">
      <UniqueIdentifier>{3bd77dc0-2294-4af2-806c-48dd5205d43a}</UniqueIdentifier>
    </Filter>
    <Filter Include="04.FSM\BattleBack">
      <UniqueIdentifier>{d1d42d1e-104d-4b6c-8162-14b6d032f24e}</UniqueIdentifier>
    </Filter>
    <Filter Include="04.FSM\BattleDash">
      <UniqueIdentifier>{6195200d-f046-41de-9570-03a1ff9a9593}</UniqueIdentifier>
    </Filter>
    <Filter Include="04.FSM\Death">
      <UniqueIdentifier>{c9912230-7c76-402f-8916-c88b528b87ea}</UniqueIdentifier>
    </Filter>
    <Filter Include="04.FSM\Fail">
      <UniqueIdentifier>{aef1424a-815c-401d-b1b8-56d63822bfa7}</UniqueIdentifier>
    </Filter>
    <Filter Include="04.FSM\Jump">
      <UniqueIdentifier>{6dc7bae2-4a18-4049-bbff-aacb5fa4d75c}</UniqueIdentifier>
    </Filter>
    <Filter Include="04.FSM\LookAround">
      <UniqueIdentifier>{4b9e2339-67e0-462b-a17c-232e29f40d7f}</UniqueIdentifier>
    </Filter>
    <Filter Include="04.FSM\Rour">
      <UniqueIdentifier>{94e63c3a-f272-466d-9544-53a858627663}</UniqueIdentifier>
    </Filter>
    <Filter Include="04.FSM\Run">
      <UniqueIdentifier>{681450d9-dcc8-4c4a-9096-77f694ce8dff}</UniqueIdentifier>
    </Filter>
    <Filter Include="04.FSM\Skill1">
      <UniqueIdentifier>{bae86b83-a4c6-4cbf-92f1-06de3d307249}</UniqueIdentifier>
    </Filter>
    <Filter Include="04.FSM\Skill2">
      <UniqueIdentifier>{18115b34-6023-44c0-9c25-1a8091a1a22d}</UniqueIdentifier>
    </Filter>
    <Filter Include="04.FSM\Skill3">
      <UniqueIdentifier>{f3dce1d9-b633-440b-81b3-7c5a6e4a9dc9}</UniqueIdentifier>
    </Filter>
    <Filter Include="04.FSM\StandBattle">
      <UniqueIdentifier>{d9a618ea-53f2-41e0-bcea-e6b63fd6b8b0}</UniqueIdentifier>
    </Filter>
    <Filter Include="04.FSM\Stand">
      <UniqueIdentifier>{906d93ab-41d5-4fd7-ac5a-4eaee5eead9a}</UniqueIdentifier>
    </Filter>
    <Filter Include="04.FSM\State">
      <UniqueIdentifier>{512510d2-05e3-4361-bee0-c34921a6ce7d}</UniqueIdentifier>
    </Filter>
    <Filter Include="04.FSM\StateMachine">
      <UniqueIdentifier>{813aa41c-382b-4e71-9b76-43af88853b6b}</UniqueIdentifier>
    </Filter>
    <Filter Include="04.FSM\Hit">
      <UniqueIdentifier>{f98a8506-a62c-48bc-9c10-f28340122c8b}</UniqueIdentifier>
    </Filter>
    <Filter Include="02.GameObjects\Player\Body">
      <UniqueIdentifier>{bb4217e3-1b46-4301-bb83-87ca6e1dc55e}</UniqueIdentifier>
    </Filter>
    <Filter Include="06.Manager">
      <UniqueIdentifier>{c06e1ed9-6732-49ac-bbfe-d9c865b02768}</UniqueIdentifier>
    </Filter>
    <Filter Include="06.Manager\Digimon_Manager">
      <UniqueIdentifier>{bbf095f0-ac54-4c49-ae56-40b3dd914917}</UniqueIdentifier>
    </Filter>
    <Filter Include="06.Manager\Inventory_Manager">
      <UniqueIdentifier>{27a24dd8-ac77-4fe7-a202-e302e667e509}</UniqueIdentifier>
    </Filter>
    <Filter Include="06.Manager\DigiDex_Manager">
      <UniqueIdentifier>{f983c745-1507-4474-8d57-126ea2223af8}</UniqueIdentifier>
    </Filter>
    <Filter Include="02.GameObjects\Digimon\Angewomon">
      <UniqueIdentifier>{e56ac3e1-8b01-4bd9-b7aa-4d129f5d9b37}</UniqueIdentifier>
    </Filter>
    <Filter Include="02.GameObjects\Digimon\Angewomon\Body_Angewomon">
      <UniqueIdentifier>{e5341517-9227-4121-b00d-f10d4d4876e6}</UniqueIdentifier>
    </Filter>
    <Filter Include="02.GameObjects\Digimon\Omegamon">
      <UniqueIdentifier>{d50a5fe1-d52f-49c4-8c23-8d86017a69db}</UniqueIdentifier>
    </Filter>
    <Filter Include="02.GameObjects\Digimon\Omegamon\Body_Omegamon">
      <UniqueIdentifier>{c41f9e12-afd2-4c76-8e89-2e0ac964cd68}</UniqueIdentifier>
    </Filter>
  </ItemGroup>
  <ItemGroup>
    <ClInclude Include="Client.h">
      <Filter>98.Default</Filter>
    </ClInclude>
    <ClInclude Include="framework.h">
      <Filter>98.Default</Filter>
    </ClInclude>
    <ClInclude Include="Resource.h">
      <Filter>98.Default</Filter>
    </ClInclude>
    <ClInclude Include="targetver.h">
      <Filter>98.Default</Filter>
    </ClInclude>
    <ClInclude Include="..\Public\MainApp.h">
      <Filter>00.MainApp</Filter>
    </ClInclude>
    <ClInclude Include="..\Public\Level_Logo.h">
      <Filter>01.Levels\Logo</Filter>
    </ClInclude>
    <ClInclude Include="..\Public\Level_Loading.h">
      <Filter>01.Levels\Loading</Filter>
    </ClInclude>
    <ClInclude Include="..\Public\Level_GamePlay.h">
      <Filter>01.Levels\GamePlay</Filter>
    </ClInclude>
    <ClInclude Include="..\Public\Loader.h">
      <Filter>01.Levels\Loading\Loader</Filter>
    </ClInclude>
    <ClInclude Include="..\Public\Client_Defines.h">
      <Filter>99.Defines</Filter>
    </ClInclude>
    <ClInclude Include="..\Public\BackGround.h">
      <Filter>02.GameObjects\BackGround</Filter>
    </ClInclude>
    <ClInclude Include="..\public\Inventory.h">
      <Filter>03.UI\Inventory</Filter>
    </ClInclude>
    <ClInclude Include="..\public\Storage.h">
      <Filter>03.UI\Storage</Filter>
    </ClInclude>
    <ClInclude Include="..\public\DigiDex.h">
      <Filter>03.UI\DigiDex</Filter>
    </ClInclude>
    <ClInclude Include="..\public\Digimon_Storage.h">
      <Filter>03.UI\Digimon_Storage</Filter>
    </ClInclude>
    <ClInclude Include="..\public\Digivice.h">
      <Filter>03.UI\Digivice</Filter>
    </ClInclude>
    <ClInclude Include="..\public\Equipment.h">
      <Filter>03.UI\Equipment</Filter>
    </ClInclude>
    <ClInclude Include="..\public\Item.h">
      <Filter>03.UI\Item</Filter>
    </ClInclude>
    <ClInclude Include="..\public\Terrain.h">
      <Filter>02.GameObjects\Terrain</Filter>
    </ClInclude>
    <ClInclude Include="..\public\Camera_Free.h">
      <Filter>02.GameObjects\Camera\Camera_Free</Filter>
    </ClInclude>
    <ClInclude Include="..\public\PartyUHD.h">
      <Filter>03.UI\PartyHUD</Filter>
    </ClInclude>
    <ClInclude Include="..\public\Digimon_Manager.h">
      <Filter>06.Manager\Digimon_Manager</Filter>
    </ClInclude>
    <ClInclude Include="..\public\DigimonInfo.h">
      <Filter>05.DigimonInfo</Filter>
    </ClInclude>
    <ClInclude Include="..\public\Exit_Button.h">
      <Filter>03.UI\Inventory\Button\Exit_Button</Filter>
    </ClInclude>
    <ClInclude Include="..\public\ItemType_Button.h">
      <Filter>03.UI\Inventory\Button\ItemType_Button</Filter>
    </ClInclude>
    <ClInclude Include="..\public\Slot.h">
      <Filter>03.UI\Slot\Inventory_Slot</Filter>
    </ClInclude>
    <ClInclude Include="..\public\Digivice_Slot.h">
      <Filter>03.UI\Slot\Digivice_Slot</Filter>
    </ClInclude>
    <ClInclude Include="..\public\Inventory_Manager.h">
      <Filter>06.Manager\Inventory_Manager</Filter>
    </ClInclude>
    <ClInclude Include="..\public\UHD_Slot.h">
      <Filter>03.UI\Slot\UHD_Slot</Filter>
    </ClInclude>
    <ClInclude Include="..\public\DigiDex_Manager.h">
      <Filter>06.Manager\DigiDex_Manager</Filter>
    </ClInclude>
    <ClInclude Include="..\public\DigiDex_Slot.h">
      <Filter>03.UI\Slot\DIgiDex_Slot</Filter>
    </ClInclude>
    <ClInclude Include="..\Public\Digivice_Mask.h">
      <Filter>03.UI\Slot\Digivice_Slot\Mask</Filter>
    </ClInclude>
    <ClInclude Include="..\public\Monster.h">
      <Filter>02.GameObjects\Monster</Filter>
    </ClInclude>
    <ClInclude Include="..\public\Camera_Manager.h">
      <Filter>02.GameObjects\Camera\Manager</Filter>
    </ClInclude>
    <ClInclude Include="..\Public\BldA.h">
      <Filter>02.GameObjects\Bilding\BldA</Filter>
    </ClInclude>
    <ClInclude Include="..\Public\BldB.h">
      <Filter>02.GameObjects\Bilding\BldB</Filter>
    </ClInclude>
    <ClInclude Include="..\Public\BldC.h">
      <Filter>02.GameObjects\Bilding\BldC</Filter>
    </ClInclude>
    <ClInclude Include="..\Public\BldD.h">
      <Filter>02.GameObjects\Bilding\BldD</Filter>
    </ClInclude>
    <ClInclude Include="..\Public\BldE.h">
      <Filter>02.GameObjects\Bilding\BldE</Filter>
    </ClInclude>
    <ClInclude Include="..\Public\BldH.h">
      <Filter>02.GameObjects\Bilding\BldH</Filter>
    </ClInclude>
    <ClInclude Include="..\Public\BldJ.h">
      <Filter>02.GameObjects\Bilding\BldJ</Filter>
    </ClInclude>
    <ClInclude Include="..\Public\BldK.h">
      <Filter>02.GameObjects\Bilding\BldK</Filter>
    </ClInclude>
    <ClInclude Include="..\public\Player.h">
      <Filter>02.GameObjects\Player</Filter>
    </ClInclude>
    <ClInclude Include="..\Public\Tennis.h">
      <Filter>02.GameObjects\Tennis</Filter>
    </ClInclude>
    <ClInclude Include="..\Public\Sky.h">
      <Filter>02.GameObjects\Sky</Filter>
    </ClInclude>
    <ClInclude Include="..\Public\BattleBack.h">
      <Filter>04.FSM\BattleBack</Filter>
    </ClInclude>
    <ClInclude Include="..\Public\BattleDash.h">
      <Filter>04.FSM\BattleDash</Filter>
    </ClInclude>
    <ClInclude Include="..\Public\Death.h">
      <Filter>04.FSM\Death</Filter>
    </ClInclude>
    <ClInclude Include="..\Public\Fail.h">
      <Filter>04.FSM\Fail</Filter>
    </ClInclude>
    <ClInclude Include="..\Public\Hit.h">
      <Filter>04.FSM\Hit</Filter>
    </ClInclude>
    <ClInclude Include="..\Public\Jump.h">
      <Filter>04.FSM\Jump</Filter>
    </ClInclude>
    <ClInclude Include="..\Public\LookAround.h">
      <Filter>04.FSM\LookAround</Filter>
    </ClInclude>
    <ClInclude Include="..\Public\Roar.h">
      <Filter>04.FSM\Rour</Filter>
    </ClInclude>
    <ClInclude Include="..\Public\Run.h">
      <Filter>04.FSM\Run</Filter>
    </ClInclude>
    <ClInclude Include="..\Public\Skill1.h">
      <Filter>04.FSM\Skill1</Filter>
    </ClInclude>
    <ClInclude Include="..\Public\Skill2.h">
      <Filter>04.FSM\Skill2</Filter>
    </ClInclude>
    <ClInclude Include="..\Public\Skill3.h">
      <Filter>04.FSM\Skill3</Filter>
    </ClInclude>
    <ClInclude Include="..\Public\StandBattle.h">
      <Filter>04.FSM\StandBattle</Filter>
    </ClInclude>
    <ClInclude Include="..\Public\Stand.h">
      <Filter>04.FSM\Stand</Filter>
    </ClInclude>
    <ClInclude Include="..\Public\State.h">
      <Filter>04.FSM\State</Filter>
    </ClInclude>
    <ClInclude Include="..\Public\StateMachine.h">
      <Filter>04.FSM\StateMachine</Filter>
    </ClInclude>
    <ClInclude Include="..\public\Body_Player.h">
      <Filter>02.GameObjects\Player\Body</Filter>
    </ClInclude>
    <ClInclude Include="..\public\Omegamon.h">
      <Filter>02.GameObjects\Digimon\Omegamon</Filter>
    </ClInclude>
    <ClInclude Include="..\public\Body_Omegamon.h">
      <Filter>02.GameObjects\Digimon\Omegamon\Body_Omegamon</Filter>
    </ClInclude>
    <ClInclude Include="..\public\Body_Angewomon.h">
      <Filter>02.GameObjects\Digimon\Angewomon\Body_Angewomon</Filter>
    </ClInclude>
    <ClInclude Include="..\public\Angewomon.h">
      <Filter>02.GameObjects\Digimon\Angewomon</Filter>
    </ClInclude>
  </ItemGroup>
  <ItemGroup>
    <Image Include="Client.ico">
      <Filter>98.Default</Filter>
    </Image>
    <Image Include="small.ico">
      <Filter>98.Default</Filter>
    </Image>
  </ItemGroup>
  <ItemGroup>
    <ResourceCompile Include="Client.rc">
      <Filter>98.Default</Filter>
    </ResourceCompile>
  </ItemGroup>
  <ItemGroup>
    <ClCompile Include="Client.cpp">
      <Filter>98.Default</Filter>
    </ClCompile>
    <ClCompile Include="..\Private\MainApp.cpp">
      <Filter>00.MainApp</Filter>
    </ClCompile>
    <ClCompile Include="..\Private\Level_Logo.cpp">
      <Filter>01.Levels\Logo</Filter>
    </ClCompile>
    <ClCompile Include="..\Private\Level_Loading.cpp">
      <Filter>01.Levels\Loading</Filter>
    </ClCompile>
    <ClCompile Include="..\Private\Level_GamePlay.cpp">
      <Filter>01.Levels\GamePlay</Filter>
    </ClCompile>
    <ClCompile Include="..\Private\Loader.cpp">
      <Filter>01.Levels\Loading\Loader</Filter>
    </ClCompile>
    <ClCompile Include="..\Private\BackGround.cpp">
      <Filter>02.GameObjects\BackGround</Filter>
    </ClCompile>
    <ClCompile Include="..\private\Inventory.cpp">
      <Filter>03.UI\Inventory</Filter>
    </ClCompile>
    <ClCompile Include="..\private\Storage.cpp">
      <Filter>03.UI\Storage</Filter>
    </ClCompile>
    <ClCompile Include="..\private\DigiDex.cpp">
      <Filter>03.UI\DigiDex</Filter>
    </ClCompile>
    <ClCompile Include="..\private\Digimon_Storage.cpp">
      <Filter>03.UI\Digimon_Storage</Filter>
    </ClCompile>
    <ClCompile Include="..\private\Digivice.cpp">
      <Filter>03.UI\Digivice</Filter>
    </ClCompile>
    <ClCompile Include="..\private\Equipment.cpp">
      <Filter>03.UI\Equipment</Filter>
    </ClCompile>
    <ClCompile Include="..\private\Item.cpp">
      <Filter>03.UI\Item</Filter>
    </ClCompile>
    <ClCompile Include="..\private\Terrain.cpp">
      <Filter>02.GameObjects\Terrain</Filter>
    </ClCompile>
    <ClCompile Include="..\private\Camera_Free.cpp">
      <Filter>02.GameObjects\Camera\Camera_Free</Filter>
    </ClCompile>
    <ClCompile Include="..\private\PartyUHD.cpp">
      <Filter>03.UI\PartyHUD</Filter>
    </ClCompile>
    <ClCompile Include="..\private\Digimon_Manager.cpp">
      <Filter>06.Manager\Digimon_Manager</Filter>
    </ClCompile>
    <ClCompile Include="..\private\DigimonInfo.cpp">
      <Filter>05.DigimonInfo</Filter>
    </ClCompile>
    <ClCompile Include="..\private\Exit_Button.cpp">
      <Filter>03.UI\Inventory\Button\Exit_Button</Filter>
    </ClCompile>
    <ClCompile Include="..\private\ItemType_Button.cpp">
      <Filter>03.UI\Inventory\Button\ItemType_Button</Filter>
    </ClCompile>
    <ClCompile Include="..\private\Slot.cpp">
      <Filter>03.UI\Slot\Inventory_Slot</Filter>
    </ClCompile>
    <ClCompile Include="..\private\Digivice_Slot.cpp">
      <Filter>03.UI\Slot\Digivice_Slot</Filter>
    </ClCompile>
    <ClCompile Include="..\private\Inventory_Manager.cpp">
      <Filter>06.Manager\Inventory_Manager</Filter>
    </ClCompile>
    <ClCompile Include="..\private\UHD_Slot.cpp">
      <Filter>03.UI\Slot\UHD_Slot</Filter>
    </ClCompile>
    <ClCompile Include="..\Private\DigiDex_Manager.cpp">
      <Filter>06.Manager\DigiDex_Manager</Filter>
    </ClCompile>
    <ClCompile Include="..\private\DigiDex_Slot.cpp">
      <Filter>03.UI\Slot\DIgiDex_Slot</Filter>
    </ClCompile>
    <ClCompile Include="..\Private\Digivice_Mask.cpp">
      <Filter>03.UI\Slot\Digivice_Slot\Mask</Filter>
    </ClCompile>
    <ClCompile Include="..\private\Monster.cpp">
      <Filter>02.GameObjects\Monster</Filter>
    </ClCompile>
    <ClCompile Include="..\private\Camera_Manager.cpp">
      <Filter>02.GameObjects\Camera\Manager</Filter>
    </ClCompile>
    <ClCompile Include="..\Private\BldA.cpp">
      <Filter>02.GameObjects\Bilding\BldA</Filter>
    </ClCompile>
    <ClCompile Include="..\Private\BldB.cpp">
      <Filter>02.GameObjects\Bilding\BldB</Filter>
    </ClCompile>
    <ClCompile Include="..\Private\BldC.cpp">
      <Filter>02.GameObjects\Bilding\BldC</Filter>
    </ClCompile>
    <ClCompile Include="..\Private\BldD.cpp">
      <Filter>02.GameObjects\Bilding\BldD</Filter>
    </ClCompile>
    <ClCompile Include="..\Private\BldE.cpp">
      <Filter>02.GameObjects\Bilding\BldE</Filter>
    </ClCompile>
    <ClCompile Include="..\Private\BldH.cpp">
      <Filter>02.GameObjects\Bilding\BldH</Filter>
    </ClCompile>
    <ClCompile Include="..\Private\BldJ.cpp">
      <Filter>02.GameObjects\Bilding\BldJ</Filter>
    </ClCompile>
    <ClCompile Include="..\Private\BldK.cpp">
      <Filter>02.GameObjects\Bilding\BldK</Filter>
    </ClCompile>
    <ClCompile Include="..\private\Player.cpp">
      <Filter>02.GameObjects\Player</Filter>
    </ClCompile>
    <ClCompile Include="..\Private\Tennis.cpp">
      <Filter>02.GameObjects\Tennis</Filter>
    </ClCompile>
    <ClCompile Include="..\Private\Sky.cpp">
      <Filter>02.GameObjects\Sky</Filter>
    </ClCompile>
    <ClCompile Include="..\Private\BattleBack.cpp">
      <Filter>04.FSM\BattleBack</Filter>
    </ClCompile>
    <ClCompile Include="..\Private\BattleDash.cpp">
      <Filter>04.FSM\BattleDash</Filter>
    </ClCompile>
    <ClCompile Include="..\Private\Death.cpp">
      <Filter>04.FSM\Death</Filter>
    </ClCompile>
    <ClCompile Include="..\Private\Fail.cpp">
      <Filter>04.FSM\Fail</Filter>
    </ClCompile>
    <ClCompile Include="..\Private\Hit.cpp">
      <Filter>04.FSM\Hit</Filter>
    </ClCompile>
    <ClCompile Include="..\Private\Jump.cpp">
      <Filter>04.FSM\Jump</Filter>
    </ClCompile>
    <ClCompile Include="..\Private\LookAround.cpp">
      <Filter>04.FSM\LookAround</Filter>
    </ClCompile>
    <ClCompile Include="..\Private\Roar.cpp">
      <Filter>04.FSM\Rour</Filter>
    </ClCompile>
    <ClCompile Include="..\Private\Run.cpp">
      <Filter>04.FSM\Run</Filter>
    </ClCompile>
    <ClCompile Include="..\Private\Skill1.cpp">
      <Filter>04.FSM\Skill1</Filter>
    </ClCompile>
    <ClCompile Include="..\Private\Skill2.cpp">
      <Filter>04.FSM\Skill2</Filter>
    </ClCompile>
    <ClCompile Include="..\Private\Skill3.cpp">
      <Filter>04.FSM\Skill3</Filter>
    </ClCompile>
    <ClCompile Include="..\Private\StandBattle.cpp">
      <Filter>04.FSM\StandBattle</Filter>
    </ClCompile>
    <ClCompile Include="..\Private\Stand.cpp">
      <Filter>04.FSM\Stand</Filter>
    </ClCompile>
    <ClCompile Include="..\Private\State.cpp">
      <Filter>04.FSM\State</Filter>
    </ClCompile>
    <ClCompile Include="..\Private\StateMachine.cpp">
      <Filter>04.FSM\StateMachine</Filter>
    </ClCompile>
    <ClCompile Include="..\private\Body_Player.cpp">
      <Filter>02.GameObjects\Player\Body</Filter>
    </ClCompile>
    <ClCompile Include="..\private\Omegamon.cpp">
      <Filter>02.GameObjects\Digimon\Omegamon</Filter>
    </ClCompile>
    <ClCompile Include="..\private\Body_Omegamon.cpp">
      <Filter>02.GameObjects\Digimon\Omegamon\Body_Omegamon</Filter>
    </ClCompile>
    <ClCompile Include="..\private\Body_Angewomon.cpp">
      <Filter>02.GameObjects\Digimon\Angewomon\Body_Angewomon</Filter>
    </ClCompile>
    <ClCompile Include="..\private\Angewomon.cpp">
      <Filter>02.GameObjects\Digimon\Angewomon</Filter>
    </ClCompile>
  </ItemGroup>
  <ItemGroup>
    <FxCompile Include="..\Bin\ShaderFiles\Shader_VtxPosTex.hlsl">
      <Filter>97.ShaderFiles</Filter>
    </FxCompile>
    <FxCompile Include="..\Bin\ShaderFiles\Shader_VtxNorTex.hlsl">
      <Filter>97.ShaderFiles</Filter>
    </FxCompile>
    <FxCompile Include="..\Bin\ShaderFiles\Shader_Inventory.hlsl">
      <Filter>97.ShaderFiles</Filter>
    </FxCompile>
    <FxCompile Include="..\Bin\ShaderFiles\Shader_Hover.hlsl">
      <Filter>97.ShaderFiles</Filter>
    </FxCompile>
    <FxCompile Include="..\Bin\ShaderFiles\Shader_UHD.hlsl">
      <Filter>97.ShaderFiles</Filter>
    </FxCompile>
    <FxCompile Include="..\Bin\ShaderFiles\Shader_Digivice.hlsl">
      <Filter>97.ShaderFiles</Filter>
    </FxCompile>
    <FxCompile Include="..\Bin\ShaderFiles\Shader_Digivice_Mask.hlsl">
      <Filter>97.ShaderFiles</Filter>
    </FxCompile>
    <FxCompile Include="..\Bin\ShaderFiles\Shader_VtxAnimMesh.hlsl">
      <Filter>97.ShaderFiles</Filter>
    </FxCompile>
    <FxCompile Include="..\Bin\ShaderFiles\Shader_VtxMesh.hlsl">
      <Filter>97.ShaderFiles</Filter>
    </FxCompile>
    <FxCompile Include="..\Bin\ShaderFiles\Shader_VtxCube.hlsl">
      <Filter>97.ShaderFiles</Filter>
    </FxCompile>
  </ItemGroup>
</Project>