<?xml version="1.0" encoding="utf-8"?>
<Project ToolsVersion="4.0" xmlns="http://schemas.microsoft.com/developer/msbuild/2003">
  <ItemGroup>
    <Filter Include="99.Defines">
      <UniqueIdentifier>{c97b62e1-26b8-437d-b3de-0d9d5445f414}</UniqueIdentifier>
    </Filter>
    <Filter Include="98.Default">
      <UniqueIdentifier>{728a900b-3685-4452-a6ae-b82a17c7e63f}</UniqueIdentifier>
    </Filter>
    <Filter Include="00.MainApp">
      <UniqueIdentifier>{bdd4a935-b20f-47a5-bf83-4e2952e2c6f1}</UniqueIdentifier>
    </Filter>
    <Filter Include="01.Levels">
      <UniqueIdentifier>{cb4350f1-3e29-4ead-b993-68bc255c8704}</UniqueIdentifier>
    </Filter>
    <Filter Include="01.Levels\Loading">
      <UniqueIdentifier>{cad4621e-281a-4009-9890-0044e3fce66c}</UniqueIdentifier>
    </Filter>
    <Filter Include="01.Levels\Loading\Loader">
      <UniqueIdentifier>{1c661d94-d467-4c27-a3f8-4da71a1c898a}</UniqueIdentifier>
    </Filter>
    <Filter Include="01.Levels\Logo">
      <UniqueIdentifier>{b684fa80-8a44-48d3-8763-79acbba3a849}</UniqueIdentifier>
    </Filter>
    <Filter Include="01.Levels\GamePlay">
      <UniqueIdentifier>{490444ba-eab1-44cf-9259-6b16f02e8e25}</UniqueIdentifier>
    </Filter>
    <Filter Include="02.GameObjects">
      <UniqueIdentifier>{6822825a-d704-42c1-aab4-274a2e135da0}</UniqueIdentifier>
    </Filter>
    <Filter Include="02.GameObjects\BackGround">
      <UniqueIdentifier>{045c1a1c-a8ed-4e5b-bc33-e5328ed48bf1}</UniqueIdentifier>
    </Filter>
    <Filter Include="03.UI">
      <UniqueIdentifier>{065efe51-bd22-448b-874b-95bd8ab4a602}</UniqueIdentifier>
    </Filter>
    <Filter Include="97.ShaderFiles">
      <UniqueIdentifier>{7206fb55-4b0c-4a04-9298-0d3b877a131c}</UniqueIdentifier>
    </Filter>
    <Filter Include="03.UI\Digivice">
      <UniqueIdentifier>{fc614611-2300-4d33-9b45-229c6dd5a3ca}</UniqueIdentifier>
    </Filter>
    <Filter Include="02.GameObjects\Terrain">
      <UniqueIdentifier>{45c04ebe-174d-49f1-aad2-e285bc5c24a8}</UniqueIdentifier>
    </Filter>
    <Filter Include="02.GameObjects\Camera">
      <UniqueIdentifier>{6dd4334d-b226-4888-b7ab-75bb7a5645cc}</UniqueIdentifier>
    </Filter>
    <Filter Include="02.GameObjects\Camera\Camera_Free">
      <UniqueIdentifier>{0b7a2668-162a-4314-962a-ce5d5e770d19}</UniqueIdentifier>
    </Filter>
    <Filter Include="03.UI\PartyHUD">
      <UniqueIdentifier>{f393a3d0-f8d3-48bc-9024-368e06523d73}</UniqueIdentifier>
    </Filter>
    <Filter Include="02.GameObjects\Digimon">
      <UniqueIdentifier>{170dc205-fbc9-4611-a4d6-9d3d0a2c199c}</UniqueIdentifier>
    </Filter>
    <Filter Include="02.GameObjects\Player">
      <UniqueIdentifier>{921734f8-f2bf-4f2f-bc7a-94280a2671cb}</UniqueIdentifier>
    </Filter>
    <Filter Include="02.GameObjects\Sky">
      <UniqueIdentifier>{af8ca886-5e24-4106-ac87-5cf2064ebe20}</UniqueIdentifier>
    </Filter>
    <Filter Include="02.GameObjects\Tennis">
      <UniqueIdentifier>{743f5837-1c29-4534-b48e-280ed011a55b}</UniqueIdentifier>
    </Filter>
    <Filter Include="02.GameObjects\Bilding">
      <UniqueIdentifier>{baf9da26-6792-4ef5-987c-a6b8ba183209}</UniqueIdentifier>
    </Filter>
    <Filter Include="02.GameObjects\Bilding\BldA">
      <UniqueIdentifier>{694a6a35-9ae4-4fe9-8990-437a17855695}</UniqueIdentifier>
    </Filter>
    <Filter Include="02.GameObjects\Bilding\BldB">
      <UniqueIdentifier>{ef451530-fa6c-4e4e-a8c0-0abc1218a0e5}</UniqueIdentifier>
    </Filter>
    <Filter Include="02.GameObjects\Bilding\BldC">
      <UniqueIdentifier>{7707c7c0-c067-4e2e-bd1f-10f7bb9afe2e}</UniqueIdentifier>
    </Filter>
    <Filter Include="02.GameObjects\Bilding\BldD">
      <UniqueIdentifier>{8136e897-b0c3-4ddd-81ea-3239418e823e}</UniqueIdentifier>
    </Filter>
    <Filter Include="02.GameObjects\Bilding\BldE">
      <UniqueIdentifier>{22d8d5ac-8a1f-4e18-ab26-a3d2532cf9f1}</UniqueIdentifier>
    </Filter>
    <Filter Include="02.GameObjects\Bilding\BldH">
      <UniqueIdentifier>{4ad7d789-b0e5-4532-8e5f-d51158e2af1c}</UniqueIdentifier>
    </Filter>
    <Filter Include="02.GameObjects\Bilding\BldJ">
      <UniqueIdentifier>{c680a680-754f-4c82-bc65-3775504cd3ba}</UniqueIdentifier>
    </Filter>
    <Filter Include="02.GameObjects\Bilding\BldK">
      <UniqueIdentifier>{a3a3c330-1ac0-4372-bbe6-6ee25ae03f29}</UniqueIdentifier>
    </Filter>
    <Filter Include="04.FSM">
      <UniqueIdentifier>{3bd77dc0-2294-4af2-806c-48dd5205d43a}</UniqueIdentifier>
    </Filter>
    <Filter Include="04.FSM\BattleBack">
      <UniqueIdentifier>{d1d42d1e-104d-4b6c-8162-14b6d032f24e}</UniqueIdentifier>
    </Filter>
    <Filter Include="04.FSM\BattleDash">
      <UniqueIdentifier>{6195200d-f046-41de-9570-03a1ff9a9593}</UniqueIdentifier>
    </Filter>
    <Filter Include="04.FSM\Death">
      <UniqueIdentifier>{c9912230-7c76-402f-8916-c88b528b87ea}</UniqueIdentifier>
    </Filter>
    <Filter Include="04.FSM\Fail">
      <UniqueIdentifier>{aef1424a-815c-401d-b1b8-56d63822bfa7}</UniqueIdentifier>
    </Filter>
    <Filter Include="04.FSM\Jump">
      <UniqueIdentifier>{6dc7bae2-4a18-4049-bbff-aacb5fa4d75c}</UniqueIdentifier>
    </Filter>
    <Filter Include="04.FSM\LookAround">
      <UniqueIdentifier>{4b9e2339-67e0-462b-a17c-232e29f40d7f}</UniqueIdentifier>
    </Filter>
    <Filter Include="04.FSM\Rour">
      <UniqueIdentifier>{94e63c3a-f272-466d-9544-53a858627663}</UniqueIdentifier>
    </Filter>
    <Filter Include="04.FSM\Run">
      <UniqueIdentifier>{681450d9-dcc8-4c4a-9096-77f694ce8dff}</UniqueIdentifier>
    </Filter>
    <Filter Include="04.FSM\Skill1">
      <UniqueIdentifier>{bae86b83-a4c6-4cbf-92f1-06de3d307249}</UniqueIdentifier>
    </Filter>
    <Filter Include="04.FSM\Skill2">
      <UniqueIdentifier>{18115b34-6023-44c0-9c25-1a8091a1a22d}</UniqueIdentifier>
    </Filter>
    <Filter Include="04.FSM\Skill3">
      <UniqueIdentifier>{f3dce1d9-b633-440b-81b3-7c5a6e4a9dc9}</UniqueIdentifier>
    </Filter>
    <Filter Include="04.FSM\StandBattle">
      <UniqueIdentifier>{d9a618ea-53f2-41e0-bcea-e6b63fd6b8b0}</UniqueIdentifier>
    </Filter>
    <Filter Include="04.FSM\Stand">
      <UniqueIdentifier>{906d93ab-41d5-4fd7-ac5a-4eaee5eead9a}</UniqueIdentifier>
    </Filter>
    <Filter Include="04.FSM\State">
      <UniqueIdentifier>{512510d2-05e3-4361-bee0-c34921a6ce7d}</UniqueIdentifier>
    </Filter>
    <Filter Include="04.FSM\StateMachine">
      <UniqueIdentifier>{813aa41c-382b-4e71-9b76-43af88853b6b}</UniqueIdentifier>
    </Filter>
    <Filter Include="04.FSM\Hit">
      <UniqueIdentifier>{f98a8506-a62c-48bc-9c10-f28340122c8b}</UniqueIdentifier>
    </Filter>
    <Filter Include="02.GameObjects\Player\Body">
      <UniqueIdentifier>{bb4217e3-1b46-4301-bb83-87ca6e1dc55e}</UniqueIdentifier>
    </Filter>
    <Filter Include="03.UI\PartyHUD\UHD_Slot">
      <UniqueIdentifier>{4d151d9b-850c-4082-a650-99d0f3832411}</UniqueIdentifier>
    </Filter>
    <Filter Include="03.UI\Button">
      <UniqueIdentifier>{7e3985fc-90a4-4161-a8c3-6ab814523a1b}</UniqueIdentifier>
    </Filter>
    <Filter Include="02.GameObjects\Spawner">
      <UniqueIdentifier>{ff5b5246-8279-4076-86d3-e1bfe472393f}</UniqueIdentifier>
    </Filter>
    <Filter Include="02.GameObjects\Interaction">
      <UniqueIdentifier>{cd3c67c8-d65e-4a19-b04d-2e793f545687}</UniqueIdentifier>
    </Filter>
    <Filter Include="02.GameObjects\BattleTerrain">
      <UniqueIdentifier>{1d9957d4-b19c-4b27-9edd-f7d1dcb59541}</UniqueIdentifier>
    </Filter>
    <Filter Include="02.GameObjects\Battle">
      <UniqueIdentifier>{b258059a-69cd-4cb0-b4b4-0b86bbdc3bb0}</UniqueIdentifier>
    </Filter>
    <Filter Include="02.GameObjects\Camera\Battle_Camera">
      <UniqueIdentifier>{a5e9221c-4ca1-4e6f-a656-182b34601ffe}</UniqueIdentifier>
    </Filter>
    <Filter Include="05.Manager">
      <UniqueIdentifier>{c06e1ed9-6732-49ac-bbfe-d9c865b02768}</UniqueIdentifier>
    </Filter>
    <Filter Include="05.Manager\Digimon_Manager">
      <UniqueIdentifier>{f35fa685-07b6-49fb-9f12-7a17a34a8501}</UniqueIdentifier>
    </Filter>
    <Filter Include="05.Manager\Battle_Manager">
      <UniqueIdentifier>{a6804e18-3b79-473e-acf8-008b8b0f656c}</UniqueIdentifier>
    </Filter>
    <Filter Include="05.Manager\Interaction_Manager">
      <UniqueIdentifier>{3b7babbb-9bc1-4871-b273-f3c318f519ab}</UniqueIdentifier>
    </Filter>
    <Filter Include="02.GameObjects\Digimon\00.Angewomon">
      <UniqueIdentifier>{e56ac3e1-8b01-4bd9-b7aa-4d129f5d9b37}</UniqueIdentifier>
    </Filter>
    <Filter Include="02.GameObjects\Digimon\00.Angewomon\Body_Angewomon">
      <UniqueIdentifier>{e5341517-9227-4121-b00d-f10d4d4876e6}</UniqueIdentifier>
    </Filter>
    <Filter Include="02.GameObjects\Digimon\01.Blackwargreymon">
      <UniqueIdentifier>{3b5e93c3-df3b-4ede-87bb-728ca441a207}</UniqueIdentifier>
    </Filter>
    <Filter Include="02.GameObjects\Digimon\01.Blackwargreymon\Body_Blackwargreymon">
      <UniqueIdentifier>{c33dd4a4-c8bd-4944-b294-31d5165558b3}</UniqueIdentifier>
    </Filter>
    <Filter Include="02.GameObjects\Digimon\02.Devilmon">
      <UniqueIdentifier>{a10a99eb-136e-4a5a-b822-f83f280e74fc}</UniqueIdentifier>
    </Filter>
    <Filter Include="02.GameObjects\Digimon\02.Devilmon\Body_Devilmon">
      <UniqueIdentifier>{10382507-b400-4409-a35f-71da2863fc3e}</UniqueIdentifier>
    </Filter>
    <Filter Include="02.GameObjects\Digimon\03.Ladydevimon">
      <UniqueIdentifier>{a765615a-f695-402e-b1ff-fa773304e956}</UniqueIdentifier>
    </Filter>
    <Filter Include="02.GameObjects\Digimon\03.Ladydevimon\Body_Ladydevimon">
      <UniqueIdentifier>{04745193-2e51-4356-8a4c-7403ff14a2ba}</UniqueIdentifier>
    </Filter>
    <Filter Include="02.GameObjects\Digimon\04.Leomon">
      <UniqueIdentifier>{b6c05760-5120-4e59-81e5-2fb632ed382b}</UniqueIdentifier>
    </Filter>
    <Filter Include="02.GameObjects\Digimon\04.Leomon\Body_Leomon">
      <UniqueIdentifier>{ae16d8d5-51dd-4032-a91c-a13ce469e6e6}</UniqueIdentifier>
    </Filter>
    <Filter Include="02.GameObjects\Digimon\05.Metalgarumon">
      <UniqueIdentifier>{9af62704-9eaf-4ba8-9e9c-2ca3602fdd9b}</UniqueIdentifier>
    </Filter>
    <Filter Include="02.GameObjects\Digimon\05.Metalgarumon\Body_Metalgarumon">
      <UniqueIdentifier>{ed08e13a-0171-4092-82e4-5ba2df84de48}</UniqueIdentifier>
    </Filter>
    <Filter Include="02.GameObjects\Digimon\06.Metalgreymon">
      <UniqueIdentifier>{94360ceb-6def-48c7-8e9e-0bbd16873cee}</UniqueIdentifier>
    </Filter>
    <Filter Include="02.GameObjects\Digimon\06.Metalgreymon\Body_Metalgreymon">
      <UniqueIdentifier>{0a82151d-09d0-4bd8-8133-826a009949d7}</UniqueIdentifier>
    </Filter>
    <Filter Include="02.GameObjects\Digimon\07.Omegamon">
      <UniqueIdentifier>{d50a5fe1-d52f-49c4-8c23-8d86017a69db}</UniqueIdentifier>
    </Filter>
    <Filter Include="02.GameObjects\Digimon\07.Omegamon\Body_Omegamon">
      <UniqueIdentifier>{c41f9e12-afd2-4c76-8e89-2e0ac964cd68}</UniqueIdentifier>
    </Filter>
    <Filter Include="02.GameObjects\Digimon\08.Wargreymon">
      <UniqueIdentifier>{7fec29f7-c94f-480f-b0d1-74b6a3a1a1f9}</UniqueIdentifier>
    </Filter>
    <Filter Include="02.GameObjects\Digimon\08.Wargreymon\Body_Wargreymon">
      <UniqueIdentifier>{40a2a9e7-d57e-4e29-8fc0-60562e1132df}</UniqueIdentifier>
    </Filter>
    <Filter Include="02.GameObjects\Digimon\09.Beelzebumon">
      <UniqueIdentifier>{4580fb32-92ed-4e73-acaa-b0d2caf16b75}</UniqueIdentifier>
    </Filter>
    <Filter Include="02.GameObjects\Digimon\09.Beelzebumon\Body_Beelzebumon">
      <UniqueIdentifier>{85f7853a-b664-4642-be62-282e57ac6ae3}</UniqueIdentifier>
    </Filter>
    <Filter Include="05.Manager\Camera_Manager">
      <UniqueIdentifier>{62bcb2a0-fadb-4d9c-97ec-b1b9a431fcce}</UniqueIdentifier>
    </Filter>
    <Filter Include="03.UI\Digivice\Info">
      <UniqueIdentifier>{6ffecf77-e9a4-4c4c-a1f6-42593ac92098}</UniqueIdentifier>
    </Filter>
    <Filter Include="03.UI\Digivice\Mask">
      <UniqueIdentifier>{249eef68-99dd-4582-9e82-a8622007df1e}</UniqueIdentifier>
    </Filter>
    <Filter Include="03.UI\Digivice\Skill">
      <UniqueIdentifier>{d22afe9e-1fbb-41bc-a415-3aa0f716cf14}</UniqueIdentifier>
    </Filter>
    <Filter Include="03.UI\Digivice\Target">
      <UniqueIdentifier>{c72bf2aa-5aae-4b68-9f24-18b625e47a13}</UniqueIdentifier>
    </Filter>
    <Filter Include="03.UI\Digivice\Slot">
      <UniqueIdentifier>{ee28cb80-802e-4cac-ac37-b3bf6c3c6a2b}</UniqueIdentifier>
    </Filter>
  </ItemGroup>
  <ItemGroup>
    <ClInclude Include="Client.h">
      <Filter>98.Default</Filter>
    </ClInclude>
    <ClInclude Include="framework.h">
      <Filter>98.Default</Filter>
    </ClInclude>
    <ClInclude Include="Resource.h">
      <Filter>98.Default</Filter>
    </ClInclude>
    <ClInclude Include="targetver.h">
      <Filter>98.Default</Filter>
    </ClInclude>
    <ClInclude Include="..\Public\MainApp.h">
      <Filter>00.MainApp</Filter>
    </ClInclude>
    <ClInclude Include="..\Public\Level_Logo.h">
      <Filter>01.Levels\Logo</Filter>
    </ClInclude>
    <ClInclude Include="..\Public\Level_Loading.h">
      <Filter>01.Levels\Loading</Filter>
    </ClInclude>
    <ClInclude Include="..\Public\Level_GamePlay.h">
      <Filter>01.Levels\GamePlay</Filter>
    </ClInclude>
    <ClInclude Include="..\Public\Loader.h">
      <Filter>01.Levels\Loading\Loader</Filter>
    </ClInclude>
    <ClInclude Include="..\Public\Client_Defines.h">
      <Filter>99.Defines</Filter>
    </ClInclude>
    <ClInclude Include="..\Public\BackGround.h">
      <Filter>02.GameObjects\BackGround</Filter>
    </ClInclude>
    <ClInclude Include="..\public\Digivice.h">
      <Filter>03.UI\Digivice</Filter>
    </ClInclude>
    <ClInclude Include="..\public\Terrain.h">
      <Filter>02.GameObjects\Terrain</Filter>
    </ClInclude>
    <ClInclude Include="..\public\Camera_Free.h">
      <Filter>02.GameObjects\Camera\Camera_Free</Filter>
    </ClInclude>
    <ClInclude Include="..\public\PartyUHD.h">
      <Filter>03.UI\PartyHUD</Filter>
    </ClInclude>
    <ClInclude Include="..\public\Digivice_Slot.h">
      <Filter>03.UI\Digivice\Slot</Filter>
    </ClInclude>
    <ClInclude Include="..\public\UHD_Slot.h">
      <Filter>03.UI\PartyHUD\UHD_Slot</Filter>
    </ClInclude>
    <ClInclude Include="..\Public\Digivice_Mask.h">
      <Filter>03.UI\Digivice\Mask</Filter>
    </ClInclude>
    <ClInclude Include="..\public\Camera_Manager.h">
      <Filter>05.Manager\Camera_Manager</Filter>
    </ClInclude>
    <ClInclude Include="..\Public\BldA.h">
      <Filter>02.GameObjects\Bilding\BldA</Filter>
    </ClInclude>
    <ClInclude Include="..\Public\BldB.h">
      <Filter>02.GameObjects\Bilding\BldB</Filter>
    </ClInclude>
    <ClInclude Include="..\Public\BldC.h">
      <Filter>02.GameObjects\Bilding\BldC</Filter>
    </ClInclude>
    <ClInclude Include="..\Public\BldD.h">
      <Filter>02.GameObjects\Bilding\BldD</Filter>
    </ClInclude>
    <ClInclude Include="..\Public\BldE.h">
      <Filter>02.GameObjects\Bilding\BldE</Filter>
    </ClInclude>
    <ClInclude Include="..\Public\BldH.h">
      <Filter>02.GameObjects\Bilding\BldH</Filter>
    </ClInclude>
    <ClInclude Include="..\Public\BldJ.h">
      <Filter>02.GameObjects\Bilding\BldJ</Filter>
    </ClInclude>
    <ClInclude Include="..\Public\BldK.h">
      <Filter>02.GameObjects\Bilding\BldK</Filter>
    </ClInclude>
    <ClInclude Include="..\public\Player.h">
      <Filter>02.GameObjects\Player</Filter>
    </ClInclude>
    <ClInclude Include="..\Public\Tennis.h">
      <Filter>02.GameObjects\Tennis</Filter>
    </ClInclude>
    <ClInclude Include="..\Public\Sky.h">
      <Filter>02.GameObjects\Sky</Filter>
    </ClInclude>
    <ClInclude Include="..\Public\BattleBack.h">
      <Filter>04.FSM\BattleBack</Filter>
    </ClInclude>
    <ClInclude Include="..\Public\BattleDash.h">
      <Filter>04.FSM\BattleDash</Filter>
    </ClInclude>
    <ClInclude Include="..\Public\Death.h">
      <Filter>04.FSM\Death</Filter>
    </ClInclude>
    <ClInclude Include="..\Public\Fail.h">
      <Filter>04.FSM\Fail</Filter>
    </ClInclude>
    <ClInclude Include="..\Public\Hit.h">
      <Filter>04.FSM\Hit</Filter>
    </ClInclude>
    <ClInclude Include="..\Public\Jump.h">
      <Filter>04.FSM\Jump</Filter>
    </ClInclude>
    <ClInclude Include="..\Public\LookAround.h">
      <Filter>04.FSM\LookAround</Filter>
    </ClInclude>
    <ClInclude Include="..\Public\Roar.h">
      <Filter>04.FSM\Rour</Filter>
    </ClInclude>
    <ClInclude Include="..\Public\Run.h">
      <Filter>04.FSM\Run</Filter>
    </ClInclude>
    <ClInclude Include="..\Public\Skill1.h">
      <Filter>04.FSM\Skill1</Filter>
    </ClInclude>
    <ClInclude Include="..\Public\Skill2.h">
      <Filter>04.FSM\Skill2</Filter>
    </ClInclude>
    <ClInclude Include="..\Public\Skill3.h">
      <Filter>04.FSM\Skill3</Filter>
    </ClInclude>
    <ClInclude Include="..\Public\StandBattle.h">
      <Filter>04.FSM\StandBattle</Filter>
    </ClInclude>
    <ClInclude Include="..\Public\Stand.h">
      <Filter>04.FSM\Stand</Filter>
    </ClInclude>
    <ClInclude Include="..\Public\State.h">
      <Filter>04.FSM\State</Filter>
    </ClInclude>
    <ClInclude Include="..\Public\StateMachine.h">
      <Filter>04.FSM\StateMachine</Filter>
    </ClInclude>
    <ClInclude Include="..\public\Body_Player.h">
      <Filter>02.GameObjects\Player\Body</Filter>
    </ClInclude>
    <ClInclude Include="..\public\Omegamon.h">
      <Filter>02.GameObjects\Digimon\07.Omegamon</Filter>
    </ClInclude>
    <ClInclude Include="..\public\Body_Omegamon.h">
      <Filter>02.GameObjects\Digimon\07.Omegamon\Body_Omegamon</Filter>
    </ClInclude>
    <ClInclude Include="..\public\Angewomon.h">
      <Filter>02.GameObjects\Digimon\00.Angewomon</Filter>
    </ClInclude>
    <ClInclude Include="..\public\Devilmon.h">
      <Filter>02.GameObjects\Digimon\02.Devilmon</Filter>
    </ClInclude>
    <ClInclude Include="..\public\Ladydevimon.h">
      <Filter>02.GameObjects\Digimon\03.Ladydevimon</Filter>
    </ClInclude>
    <ClInclude Include="..\public\Metalgarumon.h">
      <Filter>02.GameObjects\Digimon\05.Metalgarumon</Filter>
    </ClInclude>
    <ClInclude Include="..\public\Metalgreymon.h">
      <Filter>02.GameObjects\Digimon\06.Metalgreymon</Filter>
    </ClInclude>
    <ClInclude Include="..\public\Leomon.h">
      <Filter>02.GameObjects\Digimon\04.Leomon</Filter>
    </ClInclude>
    <ClInclude Include="..\public\Body_Devilmon.h">
      <Filter>02.GameObjects\Digimon\02.Devilmon\Body_Devilmon</Filter>
    </ClInclude>
    <ClInclude Include="..\public\Body_Angewomon.h">
      <Filter>02.GameObjects\Digimon\00.Angewomon\Body_Angewomon</Filter>
    </ClInclude>
    <ClInclude Include="..\public\Body_Ladydevimon.h">
      <Filter>02.GameObjects\Digimon\03.Ladydevimon\Body_Ladydevimon</Filter>
    </ClInclude>
    <ClInclude Include="..\public\Body_Leomon.h">
      <Filter>02.GameObjects\Digimon\04.Leomon\Body_Leomon</Filter>
    </ClInclude>
    <ClInclude Include="..\public\Body_Metalgreymon.h">
      <Filter>02.GameObjects\Digimon\06.Metalgreymon\Body_Metalgreymon</Filter>
    </ClInclude>
    <ClInclude Include="..\public\Body_Metalgarumon.h">
      <Filter>02.GameObjects\Digimon\05.Metalgarumon\Body_Metalgarumon</Filter>
    </ClInclude>
    <ClInclude Include="..\public\Body_Wargreymon.h">
      <Filter>02.GameObjects\Digimon\08.Wargreymon\Body_Wargreymon</Filter>
    </ClInclude>
    <ClInclude Include="..\public\Wargreymon.h">
      <Filter>02.GameObjects\Digimon\08.Wargreymon</Filter>
    </ClInclude>
    <ClInclude Include="..\public\Body_Blackwargreymon.h">
      <Filter>02.GameObjects\Digimon\01.Blackwargreymon\Body_Blackwargreymon</Filter>
    </ClInclude>
    <ClInclude Include="..\public\Blackwargreymon.h">
      <Filter>02.GameObjects\Digimon\01.Blackwargreymon</Filter>
    </ClInclude>
    <ClInclude Include="..\public\Digivice_Target.h">
      <Filter>03.UI\Digivice\Target</Filter>
    </ClInclude>
    <ClInclude Include="..\Public\Exit_Button.h">
      <Filter>03.UI\Button</Filter>
    </ClInclude>
    <ClInclude Include="..\public\Battle_Terrain.h">
      <Filter>02.GameObjects\BattleTerrain</Filter>
    </ClInclude>
    <ClInclude Include="..\public\Digimon_Manager.h">
      <Filter>05.Manager\Digimon_Manager</Filter>
    </ClInclude>
    <ClInclude Include="..\public\Battle_Manager.h">
      <Filter>05.Manager\Battle_Manager</Filter>
    </ClInclude>
    <ClInclude Include="..\public\Interaction_Manager.h">
      <Filter>05.Manager\Interaction_Manager</Filter>
    </ClInclude>
    <ClInclude Include="..\public\Spawner.h">
      <Filter>02.GameObjects\Spawner</Filter>
    </ClInclude>
    <ClInclude Include="..\public\Interaction.h">
      <Filter>02.GameObjects\Interaction</Filter>
    </ClInclude>
    <ClInclude Include="..\public\Battle.h">
      <Filter>02.GameObjects\Battle</Filter>
    </ClInclude>
    <ClInclude Include="..\public\Battle_Camera.h">
      <Filter>02.GameObjects\Camera\Battle_Camera</Filter>
    </ClInclude>
    <ClInclude Include="..\public\Beelzebumon.h">
      <Filter>02.GameObjects\Digimon\09.Beelzebumon</Filter>
    </ClInclude>
    <ClInclude Include="..\public\Body_Beelzebumon.h">
      <Filter>02.GameObjects\Digimon\09.Beelzebumon\Body_Beelzebumon</Filter>
    </ClInclude>
    <ClInclude Include="..\public\Digivice_Info.h">
      <Filter>03.UI\Digivice\Info</Filter>
    </ClInclude>
    <ClInclude Include="..\public\Digivice_Skill.h">
      <Filter>03.UI\Digivice\Skill</Filter>
    </ClInclude>
  </ItemGroup>
  <ItemGroup>
    <Image Include="Client.ico">
      <Filter>98.Default</Filter>
    </Image>
    <Image Include="small.ico">
      <Filter>98.Default</Filter>
    </Image>
  </ItemGroup>
  <ItemGroup>
    <ResourceCompile Include="Client.rc">
      <Filter>98.Default</Filter>
    </ResourceCompile>
  </ItemGroup>
  <ItemGroup>
    <ClCompile Include="Client.cpp">
      <Filter>98.Default</Filter>
    </ClCompile>
    <ClCompile Include="..\Private\MainApp.cpp">
      <Filter>00.MainApp</Filter>
    </ClCompile>
    <ClCompile Include="..\Private\Level_Logo.cpp">
      <Filter>01.Levels\Logo</Filter>
    </ClCompile>
    <ClCompile Include="..\Private\Level_Loading.cpp">
      <Filter>01.Levels\Loading</Filter>
    </ClCompile>
    <ClCompile Include="..\Private\Level_GamePlay.cpp">
      <Filter>01.Levels\GamePlay</Filter>
    </ClCompile>
    <ClCompile Include="..\Private\Loader.cpp">
      <Filter>01.Levels\Loading\Loader</Filter>
    </ClCompile>
    <ClCompile Include="..\Private\BackGround.cpp">
      <Filter>02.GameObjects\BackGround</Filter>
    </ClCompile>
    <ClCompile Include="..\private\Digivice.cpp">
      <Filter>03.UI\Digivice</Filter>
    </ClCompile>
    <ClCompile Include="..\private\Terrain.cpp">
      <Filter>02.GameObjects\Terrain</Filter>
    </ClCompile>
    <ClCompile Include="..\private\Camera_Free.cpp">
      <Filter>02.GameObjects\Camera\Camera_Free</Filter>
    </ClCompile>
    <ClCompile Include="..\private\PartyUHD.cpp">
      <Filter>03.UI\PartyHUD</Filter>
    </ClCompile>
    <ClCompile Include="..\private\Digivice_Slot.cpp">
      <Filter>03.UI\Digivice\Slot</Filter>
    </ClCompile>
    <ClCompile Include="..\private\UHD_Slot.cpp">
      <Filter>03.UI\PartyHUD\UHD_Slot</Filter>
    </ClCompile>
    <ClCompile Include="..\Private\Digivice_Mask.cpp">
      <Filter>03.UI\Digivice\Mask</Filter>
    </ClCompile>
    <ClCompile Include="..\private\Camera_Manager.cpp">
      <Filter>05.Manager\Camera_Manager</Filter>
    </ClCompile>
    <ClCompile Include="..\Private\BldA.cpp">
      <Filter>02.GameObjects\Bilding\BldA</Filter>
    </ClCompile>
    <ClCompile Include="..\Private\BldB.cpp">
      <Filter>02.GameObjects\Bilding\BldB</Filter>
    </ClCompile>
    <ClCompile Include="..\Private\BldC.cpp">
      <Filter>02.GameObjects\Bilding\BldC</Filter>
    </ClCompile>
    <ClCompile Include="..\Private\BldD.cpp">
      <Filter>02.GameObjects\Bilding\BldD</Filter>
    </ClCompile>
    <ClCompile Include="..\Private\BldE.cpp">
      <Filter>02.GameObjects\Bilding\BldE</Filter>
    </ClCompile>
    <ClCompile Include="..\Private\BldH.cpp">
      <Filter>02.GameObjects\Bilding\BldH</Filter>
    </ClCompile>
    <ClCompile Include="..\Private\BldJ.cpp">
      <Filter>02.GameObjects\Bilding\BldJ</Filter>
    </ClCompile>
    <ClCompile Include="..\Private\BldK.cpp">
      <Filter>02.GameObjects\Bilding\BldK</Filter>
    </ClCompile>
    <ClCompile Include="..\private\Player.cpp">
      <Filter>02.GameObjects\Player</Filter>
    </ClCompile>
    <ClCompile Include="..\Private\Tennis.cpp">
      <Filter>02.GameObjects\Tennis</Filter>
    </ClCompile>
    <ClCompile Include="..\Private\Sky.cpp">
      <Filter>02.GameObjects\Sky</Filter>
    </ClCompile>
    <ClCompile Include="..\Private\BattleBack.cpp">
      <Filter>04.FSM\BattleBack</Filter>
    </ClCompile>
    <ClCompile Include="..\Private\BattleDash.cpp">
      <Filter>04.FSM\BattleDash</Filter>
    </ClCompile>
    <ClCompile Include="..\Private\Death.cpp">
      <Filter>04.FSM\Death</Filter>
    </ClCompile>
    <ClCompile Include="..\Private\Fail.cpp">
      <Filter>04.FSM\Fail</Filter>
    </ClCompile>
    <ClCompile Include="..\Private\Hit.cpp">
      <Filter>04.FSM\Hit</Filter>
    </ClCompile>
    <ClCompile Include="..\Private\Jump.cpp">
      <Filter>04.FSM\Jump</Filter>
    </ClCompile>
    <ClCompile Include="..\Private\LookAround.cpp">
      <Filter>04.FSM\LookAround</Filter>
    </ClCompile>
    <ClCompile Include="..\Private\Roar.cpp">
      <Filter>04.FSM\Rour</Filter>
    </ClCompile>
    <ClCompile Include="..\Private\Run.cpp">
      <Filter>04.FSM\Run</Filter>
    </ClCompile>
    <ClCompile Include="..\Private\Skill1.cpp">
      <Filter>04.FSM\Skill1</Filter>
    </ClCompile>
    <ClCompile Include="..\Private\Skill2.cpp">
      <Filter>04.FSM\Skill2</Filter>
    </ClCompile>
    <ClCompile Include="..\Private\Skill3.cpp">
      <Filter>04.FSM\Skill3</Filter>
    </ClCompile>
    <ClCompile Include="..\Private\StandBattle.cpp">
      <Filter>04.FSM\StandBattle</Filter>
    </ClCompile>
    <ClCompile Include="..\Private\Stand.cpp">
      <Filter>04.FSM\Stand</Filter>
    </ClCompile>
    <ClCompile Include="..\Private\State.cpp">
      <Filter>04.FSM\State</Filter>
    </ClCompile>
    <ClCompile Include="..\Private\StateMachine.cpp">
      <Filter>04.FSM\StateMachine</Filter>
    </ClCompile>
    <ClCompile Include="..\private\Body_Player.cpp">
      <Filter>02.GameObjects\Player\Body</Filter>
    </ClCompile>
    <ClCompile Include="..\private\Omegamon.cpp">
      <Filter>02.GameObjects\Digimon\07.Omegamon</Filter>
    </ClCompile>
    <ClCompile Include="..\private\Body_Omegamon.cpp">
      <Filter>02.GameObjects\Digimon\07.Omegamon\Body_Omegamon</Filter>
    </ClCompile>
    <ClCompile Include="..\private\Angewomon.cpp">
      <Filter>02.GameObjects\Digimon\00.Angewomon</Filter>
    </ClCompile>
    <ClCompile Include="..\private\Devilmon.cpp">
      <Filter>02.GameObjects\Digimon\02.Devilmon</Filter>
    </ClCompile>
    <ClCompile Include="..\private\Ladydevimon.cpp">
      <Filter>02.GameObjects\Digimon\03.Ladydevimon</Filter>
    </ClCompile>
    <ClCompile Include="..\private\Metalgarumon.cpp">
      <Filter>02.GameObjects\Digimon\05.Metalgarumon</Filter>
    </ClCompile>
    <ClCompile Include="..\private\Metalgreymon.cpp">
      <Filter>02.GameObjects\Digimon\06.Metalgreymon</Filter>
    </ClCompile>
    <ClCompile Include="..\private\Leomon.cpp">
      <Filter>02.GameObjects\Digimon\04.Leomon</Filter>
    </ClCompile>
    <ClCompile Include="..\private\Body_Devilmon.cpp">
      <Filter>02.GameObjects\Digimon\02.Devilmon\Body_Devilmon</Filter>
    </ClCompile>
    <ClCompile Include="..\private\Body_Angewomon.cpp">
      <Filter>02.GameObjects\Digimon\00.Angewomon\Body_Angewomon</Filter>
    </ClCompile>
    <ClCompile Include="..\private\Body_Ladydevimon.cpp">
      <Filter>02.GameObjects\Digimon\03.Ladydevimon\Body_Ladydevimon</Filter>
    </ClCompile>
    <ClCompile Include="..\private\Body_Leomon.cpp">
      <Filter>02.GameObjects\Digimon\04.Leomon\Body_Leomon</Filter>
    </ClCompile>
    <ClCompile Include="..\private\Body_Metalgreymon.cpp">
      <Filter>02.GameObjects\Digimon\06.Metalgreymon\Body_Metalgreymon</Filter>
    </ClCompile>
    <ClCompile Include="..\private\Body_Metalgarumon.cpp">
      <Filter>02.GameObjects\Digimon\05.Metalgarumon\Body_Metalgarumon</Filter>
    </ClCompile>
    <ClCompile Include="..\private\Body_Wargreymon.cpp">
      <Filter>02.GameObjects\Digimon\08.Wargreymon\Body_Wargreymon</Filter>
    </ClCompile>
    <ClCompile Include="..\private\Wargreymon.cpp">
      <Filter>02.GameObjects\Digimon\08.Wargreymon</Filter>
    </ClCompile>
    <ClCompile Include="..\private\Blackwargreymon.cpp">
      <Filter>02.GameObjects\Digimon\01.Blackwargreymon</Filter>
    </ClCompile>
    <ClCompile Include="..\Private\Body_Blackwargreymon.cpp">
      <Filter>02.GameObjects\Digimon\01.Blackwargreymon\Body_Blackwargreymon</Filter>
    </ClCompile>
    <ClCompile Include="..\Private\Digivice_Target.cpp">
      <Filter>03.UI\Digivice\Target</Filter>
    </ClCompile>
    <ClCompile Include="..\Private\Exit_Button.cpp">
      <Filter>03.UI\Button</Filter>
    </ClCompile>
    <ClCompile Include="..\private\Battle_Terrain.cpp">
      <Filter>02.GameObjects\BattleTerrain</Filter>
    </ClCompile>
    <ClCompile Include="..\private\Digimon_Manager.cpp">
      <Filter>05.Manager\Digimon_Manager</Filter>
    </ClCompile>
    <ClCompile Include="..\private\Battle_Manager.cpp">
      <Filter>05.Manager\Battle_Manager</Filter>
    </ClCompile>
    <ClCompile Include="..\private\Interaction_Manager.cpp">
      <Filter>05.Manager\Interaction_Manager</Filter>
    </ClCompile>
    <ClCompile Include="..\private\Spawner.cpp">
      <Filter>02.GameObjects\Spawner</Filter>
    </ClCompile>
    <ClCompile Include="..\private\Interaction.cpp">
      <Filter>02.GameObjects\Interaction</Filter>
    </ClCompile>
    <ClCompile Include="..\private\Battle.cpp">
      <Filter>02.GameObjects\Battle</Filter>
    </ClCompile>
    <ClCompile Include="..\private\Battle_Camera.cpp">
      <Filter>02.GameObjects\Camera\Battle_Camera</Filter>
    </ClCompile>
    <ClCompile Include="..\private\Beelzebumon.cpp">
      <Filter>02.GameObjects\Digimon\09.Beelzebumon</Filter>
    </ClCompile>
    <ClCompile Include="..\private\Body_Beelzebumon.cpp">
      <Filter>02.GameObjects\Digimon\09.Beelzebumon\Body_Beelzebumon</Filter>
    </ClCompile>
    <ClCompile Include="..\private\Digivice_Info.cpp">
      <Filter>03.UI\Digivice\Info</Filter>
    </ClCompile>
    <ClCompile Include="..\private\Digivice_Skill.cpp">
      <Filter>03.UI\Digivice\Skill</Filter>
    </ClCompile>
  </ItemGroup>
  <ItemGroup>
    <FxCompile Include="..\Bin\ShaderFiles\Shader_VtxPosTex.hlsl">
      <Filter>97.ShaderFiles</Filter>
    </FxCompile>
    <FxCompile Include="..\Bin\ShaderFiles\Shader_VtxNorTex.hlsl">
      <Filter>97.ShaderFiles</Filter>
    </FxCompile>
    <FxCompile Include="..\Bin\ShaderFiles\Shader_Inventory.hlsl">
      <Filter>97.ShaderFiles</Filter>
    </FxCompile>
    <FxCompile Include="..\Bin\ShaderFiles\Shader_Hover.hlsl">
      <Filter>97.ShaderFiles</Filter>
    </FxCompile>
    <FxCompile Include="..\Bin\ShaderFiles\Shader_UHD.hlsl">
      <Filter>97.ShaderFiles</Filter>
    </FxCompile>
    <FxCompile Include="..\Bin\ShaderFiles\Shader_Digivice.hlsl">
      <Filter>97.ShaderFiles</Filter>
    </FxCompile>
    <FxCompile Include="..\Bin\ShaderFiles\Shader_Digivice_Mask.hlsl">
      <Filter>97.ShaderFiles</Filter>
    </FxCompile>
    <FxCompile Include="..\Bin\ShaderFiles\Shader_VtxAnimMesh.hlsl">
      <Filter>97.ShaderFiles</Filter>
    </FxCompile>
    <FxCompile Include="..\Bin\ShaderFiles\Shader_VtxMesh.hlsl">
      <Filter>97.ShaderFiles</Filter>
    </FxCompile>
    <FxCompile Include="..\Bin\ShaderFiles\Shader_VtxCube.hlsl">
      <Filter>97.ShaderFiles</Filter>
    </FxCompile>
    <FxCompile Include="..\Bin\ShaderFiles\Shader_Digivice_Target.hlsl">
      <Filter>97.ShaderFiles</Filter>
    </FxCompile>
  </ItemGroup>
</Project>